// !$*UTF8*$!
{
	archiveVersion = 1;
	classes = {
	};
	objectVersion = 48;
	objects = {

/* Begin PBXBuildFile section */
		C9174027200DE85D00145E8D /* Assets.xcassets in Resources */ = {isa = PBXBuildFile; fileRef = C9174026200DE85D00145E8D /* Assets.xcassets */; };
		C917402D200DE85D00145E8D /* main.m in Sources */ = {isa = PBXBuildFile; fileRef = C917402C200DE85D00145E8D /* main.m */; };
		C9174037200DE85D00145E8D /* HeartAlarmClockTests.m in Sources */ = {isa = PBXBuildFile; fileRef = C9174036200DE85D00145E8D /* HeartAlarmClockTests.m */; };
		C9174042200DE85D00145E8D /* HeartAlarmClockUITests.m in Sources */ = {isa = PBXBuildFile; fileRef = C9174041200DE85D00145E8D /* HeartAlarmClockUITests.m */; };
		C917405C200DF24800145E8D /* AppDelegate.m in Sources */ = {isa = PBXBuildFile; fileRef = C9174057200DF24700145E8D /* AppDelegate.m */; };
		C917405F200DF26000145E8D /* HomeViewController.m in Sources */ = {isa = PBXBuildFile; fileRef = C917405E200DF26000145E8D /* HomeViewController.m */; };
		C9174070200DFBFB00145E8D /* BaseNavigationController.m in Sources */ = {isa = PBXBuildFile; fileRef = C9174062200DFBF900145E8D /* BaseNavigationController.m */; };
		C9174071200DFBFB00145E8D /* MainTabBarController.m in Sources */ = {isa = PBXBuildFile; fileRef = C9174066200DFBFA00145E8D /* MainTabBarController.m */; };
		C9174072200DFBFB00145E8D /* BaseWebViewController.m in Sources */ = {isa = PBXBuildFile; fileRef = C9174067200DFBFA00145E8D /* BaseWebViewController.m */; };
		C9174073200DFBFB00145E8D /* BaseTabbarController.m in Sources */ = {isa = PBXBuildFile; fileRef = C9174069200DFBFA00145E8D /* BaseTabbarController.m */; };
		C9174074200DFBFB00145E8D /* BaseViewController.m in Sources */ = {isa = PBXBuildFile; fileRef = C917406A200DFBFA00145E8D /* BaseViewController.m */; };
		C9174075200DFBFB00145E8D /* XLWebViewController.m in Sources */ = {isa = PBXBuildFile; fileRef = C917406B200DFBFA00145E8D /* XLWebViewController.m */; };
		C9174076200DFBFB00145E8D /* XLJSHandler.m in Sources */ = {isa = PBXBuildFile; fileRef = C917406C200DFBFA00145E8D /* XLJSHandler.m */; };
		C917409F200DFCE000145E8D /* BaseViewController+NavigationBar.m in Sources */ = {isa = PBXBuildFile; fileRef = C9174079200DFCE000145E8D /* BaseViewController+NavigationBar.m */; };
		C91740A0200DFCE000145E8D /* MBProgressHUD+Extension.m in Sources */ = {isa = PBXBuildFile; fileRef = C917407C200DFCE000145E8D /* MBProgressHUD+Extension.m */; };
		C91740A1200DFCE000145E8D /* NSBundle+Language.m in Sources */ = {isa = PBXBuildFile; fileRef = C917407E200DFCE000145E8D /* NSBundle+Language.m */; };
		C91740A2200DFCE000145E8D /* NSDate+Extension.m in Sources */ = {isa = PBXBuildFile; fileRef = C9174080200DFCE000145E8D /* NSDate+Extension.m */; };
		C91740A3200DFCE000145E8D /* NSDictionary+Extension.m in Sources */ = {isa = PBXBuildFile; fileRef = C9174082200DFCE000145E8D /* NSDictionary+Extension.m */; };
		C91740A4200DFCE000145E8D /* NSObject+Extension.m in Sources */ = {isa = PBXBuildFile; fileRef = C9174084200DFCE000145E8D /* NSObject+Extension.m */; };
		C91740A5200DFCE000145E8D /* NSString+Extension.m in Sources */ = {isa = PBXBuildFile; fileRef = C9174086200DFCE000145E8D /* NSString+Extension.m */; };
		C91740A6200DFCE000145E8D /* NSString+JCAttributedString.m in Sources */ = {isa = PBXBuildFile; fileRef = C9174088200DFCE000145E8D /* NSString+JCAttributedString.m */; };
		C91740A7200DFCE000145E8D /* UIBezierPath+curved.m in Sources */ = {isa = PBXBuildFile; fileRef = C917408A200DFCE000145E8D /* UIBezierPath+curved.m */; };
		C91740A8200DFCE000145E8D /* UIButton+Extension.m in Sources */ = {isa = PBXBuildFile; fileRef = C917408C200DFCE000145E8D /* UIButton+Extension.m */; };
		C91740A9200DFCE000145E8D /* UICollectionView+Extension.m in Sources */ = {isa = PBXBuildFile; fileRef = C917408E200DFCE000145E8D /* UICollectionView+Extension.m */; };
		C91740AA200DFCE000145E8D /* UIColor+Extension.m in Sources */ = {isa = PBXBuildFile; fileRef = C9174090200DFCE000145E8D /* UIColor+Extension.m */; };
		C91740AB200DFCE000145E8D /* UIFont+Extension.m in Sources */ = {isa = PBXBuildFile; fileRef = C9174092200DFCE000145E8D /* UIFont+Extension.m */; };
		C91740AC200DFCE000145E8D /* UIImage+Extension.m in Sources */ = {isa = PBXBuildFile; fileRef = C9174094200DFCE000145E8D /* UIImage+Extension.m */; };
		C91740AD200DFCE000145E8D /* UIImage+Gif.m in Sources */ = {isa = PBXBuildFile; fileRef = C9174096200DFCE000145E8D /* UIImage+Gif.m */; };
		C91740AE200DFCE000145E8D /* UITableView+Extension.m in Sources */ = {isa = PBXBuildFile; fileRef = C9174098200DFCE000145E8D /* UITableView+Extension.m */; };
		C91740AF200DFCE000145E8D /* UITextField+HEFormatter.m in Sources */ = {isa = PBXBuildFile; fileRef = C917409A200DFCE000145E8D /* UITextField+HEFormatter.m */; };
		C91740B0200DFCE000145E8D /* UIView+Creation.m in Sources */ = {isa = PBXBuildFile; fileRef = C917409C200DFCE000145E8D /* UIView+Creation.m */; };
		C91740B1200DFCE000145E8D /* UIView+Extension.m in Sources */ = {isa = PBXBuildFile; fileRef = C917409E200DFCE000145E8D /* UIView+Extension.m */; };
		C91740C2200DFD6E00145E8D /* BarButtonItem.m in Sources */ = {isa = PBXBuildFile; fileRef = C91740B4200DFD6E00145E8D /* BarButtonItem.m */; };
		C91740C3200DFD6E00145E8D /* NavigationBar.m in Sources */ = {isa = PBXBuildFile; fileRef = C91740B6200DFD6E00145E8D /* NavigationBar.m */; };
		C91740C4200DFD6E00145E8D /* OMGToast.mm in Sources */ = {isa = PBXBuildFile; fileRef = C91740B9200DFD6E00145E8D /* OMGToast.mm */; settings = {COMPILER_FLAGS = "-fno-objc-arc"; }; };
		C91740C5200DFD6E00145E8D /* OMGToastShow.m in Sources */ = {isa = PBXBuildFile; fileRef = C91740BB200DFD6E00145E8D /* OMGToastShow.m */; };
		C91740C8200DFDC100145E8D /* ToolsHelper.m in Sources */ = {isa = PBXBuildFile; fileRef = C91740C6200DFDC100145E8D /* ToolsHelper.m */; };
		C91740CD200DFE4700145E8D /* YPTransition.m in Sources */ = {isa = PBXBuildFile; fileRef = C91740CA200DFE4600145E8D /* YPTransition.m */; };
		C91740D2200DFEBF00145E8D /* TKFooterView.m in Sources */ = {isa = PBXBuildFile; fileRef = C91740CE200DFEBE00145E8D /* TKFooterView.m */; };
		C91740D3200DFEBF00145E8D /* TKHeaderView.m in Sources */ = {isa = PBXBuildFile; fileRef = C91740D1200DFEBF00145E8D /* TKHeaderView.m */; };
		C91740D8200E002C00145E8D /* AppScene.m in Sources */ = {isa = PBXBuildFile; fileRef = C91740D5200E002C00145E8D /* AppScene.m */; };
		C91740D9200E002C00145E8D /* AppTheme.m in Sources */ = {isa = PBXBuildFile; fileRef = C91740D7200E002C00145E8D /* AppTheme.m */; };
		C91740DC200E022A00145E8D /* HEBubbleView.m in Sources */ = {isa = PBXBuildFile; fileRef = C91740DB200E022A00145E8D /* HEBubbleView.m */; };
		C92D956A20171F7B00F21721 /* EvaluateRemindModel.m in Sources */ = {isa = PBXBuildFile; fileRef = C92D956820171F7B00F21721 /* EvaluateRemindModel.m */; };
		E360F908029386C27FA83675 /* libPods-HeartAlarmClock.a in Frameworks */ = {isa = PBXBuildFile; fileRef = 4A1D57E124BB2950A048E6FD /* libPods-HeartAlarmClock.a */; };
/* End PBXBuildFile section */

/* Begin PBXContainerItemProxy section */
		C9174033200DE85D00145E8D /* PBXContainerItemProxy */ = {
			isa = PBXContainerItemProxy;
			containerPortal = C9174012200DE85D00145E8D /* Project object */;
			proxyType = 1;
			remoteGlobalIDString = C9174019200DE85D00145E8D;
			remoteInfo = HeartAlarmClock;
		};
		C917403E200DE85D00145E8D /* PBXContainerItemProxy */ = {
			isa = PBXContainerItemProxy;
			containerPortal = C9174012200DE85D00145E8D /* Project object */;
			proxyType = 1;
			remoteGlobalIDString = C9174019200DE85D00145E8D;
			remoteInfo = HeartAlarmClock;
		};
/* End PBXContainerItemProxy section */

/* Begin PBXFileReference section */
		01EBB5A7A1C146495AFDE50E /* Pods-HeartAlarmClock.release.xcconfig */ = {isa = PBXFileReference; includeInIndex = 1; lastKnownFileType = text.xcconfig; name = "Pods-HeartAlarmClock.release.xcconfig"; path = "Pods/Target Support Files/Pods-HeartAlarmClock/Pods-HeartAlarmClock.release.xcconfig"; sourceTree = "<group>"; };
		4A1D57E124BB2950A048E6FD /* libPods-HeartAlarmClock.a */ = {isa = PBXFileReference; explicitFileType = archive.ar; includeInIndex = 0; path = "libPods-HeartAlarmClock.a"; sourceTree = BUILT_PRODUCTS_DIR; };
		C917401A200DE85D00145E8D /* HeartAlarmClock.app */ = {isa = PBXFileReference; explicitFileType = wrapper.application; includeInIndex = 0; path = HeartAlarmClock.app; sourceTree = BUILT_PRODUCTS_DIR; };
		C9174026200DE85D00145E8D /* Assets.xcassets */ = {isa = PBXFileReference; lastKnownFileType = folder.assetcatalog; path = Assets.xcassets; sourceTree = "<group>"; };
		C917402B200DE85D00145E8D /* Info.plist */ = {isa = PBXFileReference; lastKnownFileType = text.plist.xml; path = Info.plist; sourceTree = "<group>"; };
		C917402C200DE85D00145E8D /* main.m */ = {isa = PBXFileReference; lastKnownFileType = sourcecode.c.objc; path = main.m; sourceTree = "<group>"; };
		C9174032200DE85D00145E8D /* HeartAlarmClockTests.xctest */ = {isa = PBXFileReference; explicitFileType = wrapper.cfbundle; includeInIndex = 0; path = HeartAlarmClockTests.xctest; sourceTree = BUILT_PRODUCTS_DIR; };
		C9174036200DE85D00145E8D /* HeartAlarmClockTests.m */ = {isa = PBXFileReference; lastKnownFileType = sourcecode.c.objc; path = HeartAlarmClockTests.m; sourceTree = "<group>"; };
		C9174038200DE85D00145E8D /* Info.plist */ = {isa = PBXFileReference; lastKnownFileType = text.plist.xml; path = Info.plist; sourceTree = "<group>"; };
		C917403D200DE85D00145E8D /* HeartAlarmClockUITests.xctest */ = {isa = PBXFileReference; explicitFileType = wrapper.cfbundle; includeInIndex = 0; path = HeartAlarmClockUITests.xctest; sourceTree = BUILT_PRODUCTS_DIR; };
		C9174041200DE85D00145E8D /* HeartAlarmClockUITests.m */ = {isa = PBXFileReference; lastKnownFileType = sourcecode.c.objc; path = HeartAlarmClockUITests.m; sourceTree = "<group>"; };
		C9174043200DE85D00145E8D /* Info.plist */ = {isa = PBXFileReference; lastKnownFileType = text.plist.xml; path = Info.plist; sourceTree = "<group>"; };
		C9174056200DF24700145E8D /* AppDelegate.h */ = {isa = PBXFileReference; fileEncoding = 4; lastKnownFileType = sourcecode.c.h; path = AppDelegate.h; sourceTree = "<group>"; };
		C9174057200DF24700145E8D /* AppDelegate.m */ = {isa = PBXFileReference; fileEncoding = 4; lastKnownFileType = sourcecode.c.objc; path = AppDelegate.m; sourceTree = "<group>"; };
		C917405D200DF26000145E8D /* HomeViewController.h */ = {isa = PBXFileReference; lastKnownFileType = sourcecode.c.h; path = HomeViewController.h; sourceTree = "<group>"; };
		C917405E200DF26000145E8D /* HomeViewController.m */ = {isa = PBXFileReference; lastKnownFileType = sourcecode.c.objc; path = HomeViewController.m; sourceTree = "<group>"; };
		C9174061200DF9E100145E8D /* HeartAlarmClockPrefixHeader.pch */ = {isa = PBXFileReference; lastKnownFileType = sourcecode.c.h; path = HeartAlarmClockPrefixHeader.pch; sourceTree = "<group>"; };
		C9174062200DFBF900145E8D /* BaseNavigationController.m */ = {isa = PBXFileReference; fileEncoding = 4; lastKnownFileType = sourcecode.c.objc; path = BaseNavigationController.m; sourceTree = "<group>"; };
		C9174063200DFBFA00145E8D /* MainTabBarController.h */ = {isa = PBXFileReference; fileEncoding = 4; lastKnownFileType = sourcecode.c.h; path = MainTabBarController.h; sourceTree = "<group>"; };
		C9174064200DFBFA00145E8D /* BaseNavigationController.h */ = {isa = PBXFileReference; fileEncoding = 4; lastKnownFileType = sourcecode.c.h; path = BaseNavigationController.h; sourceTree = "<group>"; };
		C9174065200DFBFA00145E8D /* XLJSHandler.h */ = {isa = PBXFileReference; fileEncoding = 4; lastKnownFileType = sourcecode.c.h; path = XLJSHandler.h; sourceTree = "<group>"; };
		C9174066200DFBFA00145E8D /* MainTabBarController.m */ = {isa = PBXFileReference; fileEncoding = 4; lastKnownFileType = sourcecode.c.objc; path = MainTabBarController.m; sourceTree = "<group>"; };
		C9174067200DFBFA00145E8D /* BaseWebViewController.m */ = {isa = PBXFileReference; fileEncoding = 4; lastKnownFileType = sourcecode.c.objc; path = BaseWebViewController.m; sourceTree = "<group>"; };
		C9174068200DFBFA00145E8D /* XLWebViewController.h */ = {isa = PBXFileReference; fileEncoding = 4; lastKnownFileType = sourcecode.c.h; path = XLWebViewController.h; sourceTree = "<group>"; };
		C9174069200DFBFA00145E8D /* BaseTabbarController.m */ = {isa = PBXFileReference; fileEncoding = 4; lastKnownFileType = sourcecode.c.objc; path = BaseTabbarController.m; sourceTree = "<group>"; };
		C917406A200DFBFA00145E8D /* BaseViewController.m */ = {isa = PBXFileReference; fileEncoding = 4; lastKnownFileType = sourcecode.c.objc; path = BaseViewController.m; sourceTree = "<group>"; };
		C917406B200DFBFA00145E8D /* XLWebViewController.m */ = {isa = PBXFileReference; fileEncoding = 4; lastKnownFileType = sourcecode.c.objc; path = XLWebViewController.m; sourceTree = "<group>"; };
		C917406C200DFBFA00145E8D /* XLJSHandler.m */ = {isa = PBXFileReference; fileEncoding = 4; lastKnownFileType = sourcecode.c.objc; path = XLJSHandler.m; sourceTree = "<group>"; };
		C917406D200DFBFA00145E8D /* BaseWebViewController.h */ = {isa = PBXFileReference; fileEncoding = 4; lastKnownFileType = sourcecode.c.h; path = BaseWebViewController.h; sourceTree = "<group>"; };
		C917406E200DFBFB00145E8D /* BaseTabbarController.h */ = {isa = PBXFileReference; fileEncoding = 4; lastKnownFileType = sourcecode.c.h; path = BaseTabbarController.h; sourceTree = "<group>"; };
		C917406F200DFBFB00145E8D /* BaseViewController.h */ = {isa = PBXFileReference; fileEncoding = 4; lastKnownFileType = sourcecode.c.h; path = BaseViewController.h; sourceTree = "<group>"; };
		C9174078200DFCE000145E8D /* BaseViewController+NavigationBar.h */ = {isa = PBXFileReference; fileEncoding = 4; lastKnownFileType = sourcecode.c.h; path = "BaseViewController+NavigationBar.h"; sourceTree = "<group>"; };
		C9174079200DFCE000145E8D /* BaseViewController+NavigationBar.m */ = {isa = PBXFileReference; fileEncoding = 4; lastKnownFileType = sourcecode.c.objc; path = "BaseViewController+NavigationBar.m"; sourceTree = "<group>"; };
		C917407A200DFCE000145E8D /* Categories.h */ = {isa = PBXFileReference; fileEncoding = 4; lastKnownFileType = sourcecode.c.h; path = Categories.h; sourceTree = "<group>"; };
		C917407B200DFCE000145E8D /* MBProgressHUD+Extension.h */ = {isa = PBXFileReference; fileEncoding = 4; lastKnownFileType = sourcecode.c.h; path = "MBProgressHUD+Extension.h"; sourceTree = "<group>"; };
		C917407C200DFCE000145E8D /* MBProgressHUD+Extension.m */ = {isa = PBXFileReference; fileEncoding = 4; lastKnownFileType = sourcecode.c.objc; path = "MBProgressHUD+Extension.m"; sourceTree = "<group>"; };
		C917407D200DFCE000145E8D /* NSBundle+Language.h */ = {isa = PBXFileReference; fileEncoding = 4; lastKnownFileType = sourcecode.c.h; path = "NSBundle+Language.h"; sourceTree = "<group>"; };
		C917407E200DFCE000145E8D /* NSBundle+Language.m */ = {isa = PBXFileReference; fileEncoding = 4; lastKnownFileType = sourcecode.c.objc; path = "NSBundle+Language.m"; sourceTree = "<group>"; };
		C917407F200DFCE000145E8D /* NSDate+Extension.h */ = {isa = PBXFileReference; fileEncoding = 4; lastKnownFileType = sourcecode.c.h; path = "NSDate+Extension.h"; sourceTree = "<group>"; };
		C9174080200DFCE000145E8D /* NSDate+Extension.m */ = {isa = PBXFileReference; fileEncoding = 4; lastKnownFileType = sourcecode.c.objc; path = "NSDate+Extension.m"; sourceTree = "<group>"; };
		C9174081200DFCE000145E8D /* NSDictionary+Extension.h */ = {isa = PBXFileReference; fileEncoding = 4; lastKnownFileType = sourcecode.c.h; path = "NSDictionary+Extension.h"; sourceTree = "<group>"; };
		C9174082200DFCE000145E8D /* NSDictionary+Extension.m */ = {isa = PBXFileReference; fileEncoding = 4; lastKnownFileType = sourcecode.c.objc; path = "NSDictionary+Extension.m"; sourceTree = "<group>"; };
		C9174083200DFCE000145E8D /* NSObject+Extension.h */ = {isa = PBXFileReference; fileEncoding = 4; lastKnownFileType = sourcecode.c.h; path = "NSObject+Extension.h"; sourceTree = "<group>"; };
		C9174084200DFCE000145E8D /* NSObject+Extension.m */ = {isa = PBXFileReference; fileEncoding = 4; lastKnownFileType = sourcecode.c.objc; path = "NSObject+Extension.m"; sourceTree = "<group>"; };
		C9174085200DFCE000145E8D /* NSString+Extension.h */ = {isa = PBXFileReference; fileEncoding = 4; lastKnownFileType = sourcecode.c.h; path = "NSString+Extension.h"; sourceTree = "<group>"; };
		C9174086200DFCE000145E8D /* NSString+Extension.m */ = {isa = PBXFileReference; fileEncoding = 4; lastKnownFileType = sourcecode.c.objc; path = "NSString+Extension.m"; sourceTree = "<group>"; };
		C9174087200DFCE000145E8D /* NSString+JCAttributedString.h */ = {isa = PBXFileReference; fileEncoding = 4; lastKnownFileType = sourcecode.c.h; path = "NSString+JCAttributedString.h"; sourceTree = "<group>"; };
		C9174088200DFCE000145E8D /* NSString+JCAttributedString.m */ = {isa = PBXFileReference; fileEncoding = 4; lastKnownFileType = sourcecode.c.objc; path = "NSString+JCAttributedString.m"; sourceTree = "<group>"; };
		C9174089200DFCE000145E8D /* UIBezierPath+curved.h */ = {isa = PBXFileReference; fileEncoding = 4; lastKnownFileType = sourcecode.c.h; path = "UIBezierPath+curved.h"; sourceTree = "<group>"; };
		C917408A200DFCE000145E8D /* UIBezierPath+curved.m */ = {isa = PBXFileReference; fileEncoding = 4; lastKnownFileType = sourcecode.c.objc; path = "UIBezierPath+curved.m"; sourceTree = "<group>"; };
		C917408B200DFCE000145E8D /* UIButton+Extension.h */ = {isa = PBXFileReference; fileEncoding = 4; lastKnownFileType = sourcecode.c.h; path = "UIButton+Extension.h"; sourceTree = "<group>"; };
		C917408C200DFCE000145E8D /* UIButton+Extension.m */ = {isa = PBXFileReference; fileEncoding = 4; lastKnownFileType = sourcecode.c.objc; path = "UIButton+Extension.m"; sourceTree = "<group>"; };
		C917408D200DFCE000145E8D /* UICollectionView+Extension.h */ = {isa = PBXFileReference; fileEncoding = 4; lastKnownFileType = sourcecode.c.h; path = "UICollectionView+Extension.h"; sourceTree = "<group>"; };
		C917408E200DFCE000145E8D /* UICollectionView+Extension.m */ = {isa = PBXFileReference; fileEncoding = 4; lastKnownFileType = sourcecode.c.objc; path = "UICollectionView+Extension.m"; sourceTree = "<group>"; };
		C917408F200DFCE000145E8D /* UIColor+Extension.h */ = {isa = PBXFileReference; fileEncoding = 4; lastKnownFileType = sourcecode.c.h; path = "UIColor+Extension.h"; sourceTree = "<group>"; };
		C9174090200DFCE000145E8D /* UIColor+Extension.m */ = {isa = PBXFileReference; fileEncoding = 4; lastKnownFileType = sourcecode.c.objc; path = "UIColor+Extension.m"; sourceTree = "<group>"; };
		C9174091200DFCE000145E8D /* UIFont+Extension.h */ = {isa = PBXFileReference; fileEncoding = 4; lastKnownFileType = sourcecode.c.h; path = "UIFont+Extension.h"; sourceTree = "<group>"; };
		C9174092200DFCE000145E8D /* UIFont+Extension.m */ = {isa = PBXFileReference; fileEncoding = 4; lastKnownFileType = sourcecode.c.objc; path = "UIFont+Extension.m"; sourceTree = "<group>"; };
		C9174093200DFCE000145E8D /* UIImage+Extension.h */ = {isa = PBXFileReference; fileEncoding = 4; lastKnownFileType = sourcecode.c.h; path = "UIImage+Extension.h"; sourceTree = "<group>"; };
		C9174094200DFCE000145E8D /* UIImage+Extension.m */ = {isa = PBXFileReference; fileEncoding = 4; lastKnownFileType = sourcecode.c.objc; path = "UIImage+Extension.m"; sourceTree = "<group>"; };
		C9174095200DFCE000145E8D /* UIImage+Gif.h */ = {isa = PBXFileReference; fileEncoding = 4; lastKnownFileType = sourcecode.c.h; path = "UIImage+Gif.h"; sourceTree = "<group>"; };
		C9174096200DFCE000145E8D /* UIImage+Gif.m */ = {isa = PBXFileReference; fileEncoding = 4; lastKnownFileType = sourcecode.c.objc; path = "UIImage+Gif.m"; sourceTree = "<group>"; };
		C9174097200DFCE000145E8D /* UITableView+Extension.h */ = {isa = PBXFileReference; fileEncoding = 4; lastKnownFileType = sourcecode.c.h; path = "UITableView+Extension.h"; sourceTree = "<group>"; };
		C9174098200DFCE000145E8D /* UITableView+Extension.m */ = {isa = PBXFileReference; fileEncoding = 4; lastKnownFileType = sourcecode.c.objc; path = "UITableView+Extension.m"; sourceTree = "<group>"; };
		C9174099200DFCE000145E8D /* UITextField+HEFormatter.h */ = {isa = PBXFileReference; fileEncoding = 4; lastKnownFileType = sourcecode.c.h; path = "UITextField+HEFormatter.h"; sourceTree = "<group>"; };
		C917409A200DFCE000145E8D /* UITextField+HEFormatter.m */ = {isa = PBXFileReference; fileEncoding = 4; lastKnownFileType = sourcecode.c.objc; path = "UITextField+HEFormatter.m"; sourceTree = "<group>"; };
		C917409B200DFCE000145E8D /* UIView+Creation.h */ = {isa = PBXFileReference; fileEncoding = 4; lastKnownFileType = sourcecode.c.h; path = "UIView+Creation.h"; sourceTree = "<group>"; };
		C917409C200DFCE000145E8D /* UIView+Creation.m */ = {isa = PBXFileReference; fileEncoding = 4; lastKnownFileType = sourcecode.c.objc; path = "UIView+Creation.m"; sourceTree = "<group>"; };
		C917409D200DFCE000145E8D /* UIView+Extension.h */ = {isa = PBXFileReference; fileEncoding = 4; lastKnownFileType = sourcecode.c.h; path = "UIView+Extension.h"; sourceTree = "<group>"; };
		C917409E200DFCE000145E8D /* UIView+Extension.m */ = {isa = PBXFileReference; fileEncoding = 4; lastKnownFileType = sourcecode.c.objc; path = "UIView+Extension.m"; sourceTree = "<group>"; };
		C91740B3200DFD6E00145E8D /* BarButtonItem.h */ = {isa = PBXFileReference; fileEncoding = 4; lastKnownFileType = sourcecode.c.h; path = BarButtonItem.h; sourceTree = "<group>"; };
		C91740B4200DFD6E00145E8D /* BarButtonItem.m */ = {isa = PBXFileReference; fileEncoding = 4; lastKnownFileType = sourcecode.c.objc; path = BarButtonItem.m; sourceTree = "<group>"; };
		C91740B5200DFD6E00145E8D /* NavigationBar.h */ = {isa = PBXFileReference; fileEncoding = 4; lastKnownFileType = sourcecode.c.h; path = NavigationBar.h; sourceTree = "<group>"; };
		C91740B6200DFD6E00145E8D /* NavigationBar.m */ = {isa = PBXFileReference; fileEncoding = 4; lastKnownFileType = sourcecode.c.objc; path = NavigationBar.m; sourceTree = "<group>"; };
		C91740B8200DFD6E00145E8D /* OMGToast.h */ = {isa = PBXFileReference; fileEncoding = 4; lastKnownFileType = sourcecode.c.h; path = OMGToast.h; sourceTree = "<group>"; };
		C91740B9200DFD6E00145E8D /* OMGToast.mm */ = {isa = PBXFileReference; fileEncoding = 4; lastKnownFileType = sourcecode.cpp.objcpp; path = OMGToast.mm; sourceTree = "<group>"; };
		C91740BA200DFD6E00145E8D /* OMGToastShow.h */ = {isa = PBXFileReference; fileEncoding = 4; lastKnownFileType = sourcecode.c.h; path = OMGToastShow.h; sourceTree = "<group>"; };
		C91740BB200DFD6E00145E8D /* OMGToastShow.m */ = {isa = PBXFileReference; fileEncoding = 4; lastKnownFileType = sourcecode.c.objc; path = OMGToastShow.m; sourceTree = "<group>"; };
		C91740BD200DFD6E00145E8D /* CommonMacros.h */ = {isa = PBXFileReference; fileEncoding = 4; lastKnownFileType = sourcecode.c.h; path = CommonMacros.h; sourceTree = "<group>"; };
		C91740BE200DFD6E00145E8D /* FontAndColorMacros.h */ = {isa = PBXFileReference; fileEncoding = 4; lastKnownFileType = sourcecode.c.h; path = FontAndColorMacros.h; sourceTree = "<group>"; };
		C91740BF200DFD6E00145E8D /* JCMacro.h */ = {isa = PBXFileReference; fileEncoding = 4; lastKnownFileType = sourcecode.c.h; path = JCMacro.h; sourceTree = "<group>"; };
		C91740C0200DFD6E00145E8D /* Macro.h */ = {isa = PBXFileReference; fileEncoding = 4; lastKnownFileType = sourcecode.c.h; path = Macro.h; sourceTree = "<group>"; };
		C91740C1200DFD6E00145E8D /* UtilsMacros.h */ = {isa = PBXFileReference; fileEncoding = 4; lastKnownFileType = sourcecode.c.h; path = UtilsMacros.h; sourceTree = "<group>"; };
		C91740C6200DFDC100145E8D /* ToolsHelper.m */ = {isa = PBXFileReference; fileEncoding = 4; lastKnownFileType = sourcecode.c.objc; path = ToolsHelper.m; sourceTree = "<group>"; };
		C91740C7200DFDC100145E8D /* ToolsHelper.h */ = {isa = PBXFileReference; fileEncoding = 4; lastKnownFileType = sourcecode.c.h; path = ToolsHelper.h; sourceTree = "<group>"; };
		C91740C9200DFDEA00145E8D /* JCEnumType.h */ = {isa = PBXFileReference; lastKnownFileType = sourcecode.c.h; path = JCEnumType.h; sourceTree = "<group>"; };
		C91740CA200DFE4600145E8D /* YPTransition.m */ = {isa = PBXFileReference; fileEncoding = 4; lastKnownFileType = sourcecode.c.objc; path = YPTransition.m; sourceTree = "<group>"; };
		C91740CB200DFE4600145E8D /* YPTransition.h */ = {isa = PBXFileReference; fileEncoding = 4; lastKnownFileType = sourcecode.c.h; path = YPTransition.h; sourceTree = "<group>"; };
		C91740CC200DFE4600145E8D /* YPTransitionProtocol.h */ = {isa = PBXFileReference; fileEncoding = 4; lastKnownFileType = sourcecode.c.h; path = YPTransitionProtocol.h; sourceTree = "<group>"; };
		C91740CE200DFEBE00145E8D /* TKFooterView.m */ = {isa = PBXFileReference; fileEncoding = 4; lastKnownFileType = sourcecode.c.objc; path = TKFooterView.m; sourceTree = "<group>"; };
		C91740CF200DFEBE00145E8D /* TKHeaderView.h */ = {isa = PBXFileReference; fileEncoding = 4; lastKnownFileType = sourcecode.c.h; path = TKHeaderView.h; sourceTree = "<group>"; };
		C91740D0200DFEBE00145E8D /* TKFooterView.h */ = {isa = PBXFileReference; fileEncoding = 4; lastKnownFileType = sourcecode.c.h; path = TKFooterView.h; sourceTree = "<group>"; };
		C91740D1200DFEBF00145E8D /* TKHeaderView.m */ = {isa = PBXFileReference; fileEncoding = 4; lastKnownFileType = sourcecode.c.objc; path = TKHeaderView.m; sourceTree = "<group>"; };
		C91740D4200E002C00145E8D /* AppScene.h */ = {isa = PBXFileReference; fileEncoding = 4; lastKnownFileType = sourcecode.c.h; path = AppScene.h; sourceTree = "<group>"; };
		C91740D5200E002C00145E8D /* AppScene.m */ = {isa = PBXFileReference; fileEncoding = 4; lastKnownFileType = sourcecode.c.objc; path = AppScene.m; sourceTree = "<group>"; };
		C91740D6200E002C00145E8D /* AppTheme.h */ = {isa = PBXFileReference; fileEncoding = 4; lastKnownFileType = sourcecode.c.h; path = AppTheme.h; sourceTree = "<group>"; };
		C91740D7200E002C00145E8D /* AppTheme.m */ = {isa = PBXFileReference; fileEncoding = 4; lastKnownFileType = sourcecode.c.objc; path = AppTheme.m; sourceTree = "<group>"; };
		C91740DA200E022900145E8D /* HEBubbleView.h */ = {isa = PBXFileReference; fileEncoding = 4; lastKnownFileType = sourcecode.c.h; path = HEBubbleView.h; sourceTree = "<group>"; };
		C91740DB200E022A00145E8D /* HEBubbleView.m */ = {isa = PBXFileReference; fileEncoding = 4; lastKnownFileType = sourcecode.c.objc; path = HEBubbleView.m; sourceTree = "<group>"; };
		C92D956820171F7B00F21721 /* EvaluateRemindModel.m */ = {isa = PBXFileReference; fileEncoding = 4; lastKnownFileType = sourcecode.c.objc; path = EvaluateRemindModel.m; sourceTree = "<group>"; };
		C92D956920171F7B00F21721 /* EvaluateRemindModel.h */ = {isa = PBXFileReference; fileEncoding = 4; lastKnownFileType = sourcecode.c.h; path = EvaluateRemindModel.h; sourceTree = "<group>"; };
		CCFB5FDBD27DC23105824682 /* Pods-HeartAlarmClock.debug.xcconfig */ = {isa = PBXFileReference; includeInIndex = 1; lastKnownFileType = text.xcconfig; name = "Pods-HeartAlarmClock.debug.xcconfig"; path = "Pods/Target Support Files/Pods-HeartAlarmClock/Pods-HeartAlarmClock.debug.xcconfig"; sourceTree = "<group>"; };
/* End PBXFileReference section */

/* Begin PBXFrameworksBuildPhase section */
		C9174017200DE85D00145E8D /* Frameworks */ = {
			isa = PBXFrameworksBuildPhase;
			buildActionMask = 2147483647;
			files = (
				E360F908029386C27FA83675 /* libPods-HeartAlarmClock.a in Frameworks */,
			);
			runOnlyForDeploymentPostprocessing = 0;
		};
		C917402F200DE85D00145E8D /* Frameworks */ = {
			isa = PBXFrameworksBuildPhase;
			buildActionMask = 2147483647;
			files = (
			);
			runOnlyForDeploymentPostprocessing = 0;
		};
		C917403A200DE85D00145E8D /* Frameworks */ = {
			isa = PBXFrameworksBuildPhase;
			buildActionMask = 2147483647;
			files = (
			);
			runOnlyForDeploymentPostprocessing = 0;
		};
/* End PBXFrameworksBuildPhase section */

/* Begin PBXGroup section */
		25C1A116F33D2B3D0505ABB9 /* Pods */ = {
			isa = PBXGroup;
			children = (
				CCFB5FDBD27DC23105824682 /* Pods-HeartAlarmClock.debug.xcconfig */,
				01EBB5A7A1C146495AFDE50E /* Pods-HeartAlarmClock.release.xcconfig */,
			);
			name = Pods;
			sourceTree = "<group>";
		};
		48D63C1EA65BE27D44F9AC3D /* Frameworks */ = {
			isa = PBXGroup;
			children = (
				4A1D57E124BB2950A048E6FD /* libPods-HeartAlarmClock.a */,
			);
			name = Frameworks;
			sourceTree = "<group>";
		};
		C9174011200DE85D00145E8D = {
			isa = PBXGroup;
			children = (
				C917401C200DE85D00145E8D /* HeartAlarmClock */,
				C9174035200DE85D00145E8D /* HeartAlarmClockTests */,
				C9174040200DE85D00145E8D /* HeartAlarmClockUITests */,
				C917401B200DE85D00145E8D /* Products */,
				25C1A116F33D2B3D0505ABB9 /* Pods */,
				48D63C1EA65BE27D44F9AC3D /* Frameworks */,
			);
			sourceTree = "<group>";
		};
		C917401B200DE85D00145E8D /* Products */ = {
			isa = PBXGroup;
			children = (
				C917401A200DE85D00145E8D /* HeartAlarmClock.app */,
				C9174032200DE85D00145E8D /* HeartAlarmClockTests.xctest */,
				C917403D200DE85D00145E8D /* HeartAlarmClockUITests.xctest */,
			);
			name = Products;
			sourceTree = "<group>";
		};
		C917401C200DE85D00145E8D /* HeartAlarmClock */ = {
			isa = PBXGroup;
			children = (
				C9174055200DF24700145E8D /* AppDelegate */,
				C9174077200DFCE000145E8D /* Categories */,
				C9174060200DF8E200145E8D /* Base */,
				C917404F200DF24700145E8D /* Helper */,
				C9174051200DF24700145E8D /* Home */,
				C9174058200DF24800145E8D /* Mine */,
				C9174050200DF24700145E8D /* Vendor */,
				C9174026200DE85D00145E8D /* Assets.xcassets */,
				C917402B200DE85D00145E8D /* Info.plist */,
				C917402C200DE85D00145E8D /* main.m */,
				C9174061200DF9E100145E8D /* HeartAlarmClockPrefixHeader.pch */,
			);
			path = HeartAlarmClock;
			sourceTree = "<group>";
		};
		C9174035200DE85D00145E8D /* HeartAlarmClockTests */ = {
			isa = PBXGroup;
			children = (
				C9174036200DE85D00145E8D /* HeartAlarmClockTests.m */,
				C9174038200DE85D00145E8D /* Info.plist */,
			);
			path = HeartAlarmClockTests;
			sourceTree = "<group>";
		};
		C9174040200DE85D00145E8D /* HeartAlarmClockUITests */ = {
			isa = PBXGroup;
			children = (
				C9174041200DE85D00145E8D /* HeartAlarmClockUITests.m */,
				C9174043200DE85D00145E8D /* Info.plist */,
			);
			path = HeartAlarmClockUITests;
			sourceTree = "<group>";
		};
		C917404F200DF24700145E8D /* Helper */ = {
			isa = PBXGroup;
			children = (
				C91740C9200DFDEA00145E8D /* JCEnumType.h */,
				C91740C7200DFDC100145E8D /* ToolsHelper.h */,
				C91740C6200DFDC100145E8D /* ToolsHelper.m */,
				C91740D4200E002C00145E8D /* AppScene.h */,
				C91740D5200E002C00145E8D /* AppScene.m */,
				C91740D6200E002C00145E8D /* AppTheme.h */,
				C91740D7200E002C00145E8D /* AppTheme.m */,
			);
			path = Helper;
			sourceTree = "<group>";
		};
		C9174050200DF24700145E8D /* Vendor */ = {
			isa = PBXGroup;
			children = (
				C91740BC200DFD6E00145E8D /* Macro */,
				C91740B2200DFD6E00145E8D /* NavgationItem */,
				C91740B7200DFD6E00145E8D /* OMGToast */,
			);
			path = Vendor;
			sourceTree = "<group>";
		};
		C9174051200DF24700145E8D /* Home */ = {
			isa = PBXGroup;
			children = (
				C9174052200DF24700145E8D /* Controller */,
				C9174053200DF24700145E8D /* Model */,
				C9174054200DF24700145E8D /* View */,
			);
			path = Home;
			sourceTree = "<group>";
		};
		C9174052200DF24700145E8D /* Controller */ = {
			isa = PBXGroup;
			children = (
				C917405D200DF26000145E8D /* HomeViewController.h */,
				C917405E200DF26000145E8D /* HomeViewController.m */,
			);
			path = Controller;
			sourceTree = "<group>";
		};
		C9174053200DF24700145E8D /* Model */ = {
			isa = PBXGroup;
			children = (
				C92D956920171F7B00F21721 /* EvaluateRemindModel.h */,
				C92D956820171F7B00F21721 /* EvaluateRemindModel.m */,
			);
			path = Model;
			sourceTree = "<group>";
		};
		C9174054200DF24700145E8D /* View */ = {
			isa = PBXGroup;
			children = (
			);
			path = View;
			sourceTree = "<group>";
		};
		C9174055200DF24700145E8D /* AppDelegate */ = {
			isa = PBXGroup;
			children = (
				C9174056200DF24700145E8D /* AppDelegate.h */,
				C9174057200DF24700145E8D /* AppDelegate.m */,
			);
			path = AppDelegate;
			sourceTree = "<group>";
		};
		C9174058200DF24800145E8D /* Mine */ = {
			isa = PBXGroup;
			children = (
				C9174059200DF24800145E8D /* Controller */,
				C917405A200DF24800145E8D /* Model */,
				C917405B200DF24800145E8D /* View */,
			);
			path = Mine;
			sourceTree = "<group>";
		};
		C9174059200DF24800145E8D /* Controller */ = {
			isa = PBXGroup;
			children = (
			);
			path = Controller;
			sourceTree = "<group>";
		};
		C917405A200DF24800145E8D /* Model */ = {
			isa = PBXGroup;
			children = (
			);
			path = Model;
			sourceTree = "<group>";
		};
		C917405B200DF24800145E8D /* View */ = {
			isa = PBXGroup;
			children = (
			);
			path = View;
			sourceTree = "<group>";
		};
		C9174060200DF8E200145E8D /* Base */ = {
			isa = PBXGroup;
			children = (
				C9174064200DFBFA00145E8D /* BaseNavigationController.h */,
				C9174062200DFBF900145E8D /* BaseNavigationController.m */,
				C917406E200DFBFB00145E8D /* BaseTabbarController.h */,
				C9174069200DFBFA00145E8D /* BaseTabbarController.m */,
				C917406F200DFBFB00145E8D /* BaseViewController.h */,
				C917406A200DFBFA00145E8D /* BaseViewController.m */,
				C917406D200DFBFA00145E8D /* BaseWebViewController.h */,
				C9174067200DFBFA00145E8D /* BaseWebViewController.m */,
				C9174063200DFBFA00145E8D /* MainTabBarController.h */,
				C9174066200DFBFA00145E8D /* MainTabBarController.m */,
				C9174065200DFBFA00145E8D /* XLJSHandler.h */,
				C917406C200DFBFA00145E8D /* XLJSHandler.m */,
				C9174068200DFBFA00145E8D /* XLWebViewController.h */,
				C917406B200DFBFA00145E8D /* XLWebViewController.m */,
				C91740CB200DFE4600145E8D /* YPTransition.h */,
				C91740CA200DFE4600145E8D /* YPTransition.m */,
				C91740CC200DFE4600145E8D /* YPTransitionProtocol.h */,
				C91740D0200DFEBE00145E8D /* TKFooterView.h */,
				C91740CE200DFEBE00145E8D /* TKFooterView.m */,
				C91740CF200DFEBE00145E8D /* TKHeaderView.h */,
				C91740D1200DFEBF00145E8D /* TKHeaderView.m */,
				C91740DA200E022900145E8D /* HEBubbleView.h */,
				C91740DB200E022A00145E8D /* HEBubbleView.m */,
			);
			path = Base;
			sourceTree = "<group>";
		};
		C9174077200DFCE000145E8D /* Categories */ = {
			isa = PBXGroup;
			children = (
				C9174078200DFCE000145E8D /* BaseViewController+NavigationBar.h */,
				C9174079200DFCE000145E8D /* BaseViewController+NavigationBar.m */,
				C917407A200DFCE000145E8D /* Categories.h */,
				C917407B200DFCE000145E8D /* MBProgressHUD+Extension.h */,
				C917407C200DFCE000145E8D /* MBProgressHUD+Extension.m */,
				C917407D200DFCE000145E8D /* NSBundle+Language.h */,
				C917407E200DFCE000145E8D /* NSBundle+Language.m */,
				C917407F200DFCE000145E8D /* NSDate+Extension.h */,
				C9174080200DFCE000145E8D /* NSDate+Extension.m */,
				C9174081200DFCE000145E8D /* NSDictionary+Extension.h */,
				C9174082200DFCE000145E8D /* NSDictionary+Extension.m */,
				C9174083200DFCE000145E8D /* NSObject+Extension.h */,
				C9174084200DFCE000145E8D /* NSObject+Extension.m */,
				C9174085200DFCE000145E8D /* NSString+Extension.h */,
				C9174086200DFCE000145E8D /* NSString+Extension.m */,
				C9174087200DFCE000145E8D /* NSString+JCAttributedString.h */,
				C9174088200DFCE000145E8D /* NSString+JCAttributedString.m */,
				C9174089200DFCE000145E8D /* UIBezierPath+curved.h */,
				C917408A200DFCE000145E8D /* UIBezierPath+curved.m */,
				C917408B200DFCE000145E8D /* UIButton+Extension.h */,
				C917408C200DFCE000145E8D /* UIButton+Extension.m */,
				C917408D200DFCE000145E8D /* UICollectionView+Extension.h */,
				C917408E200DFCE000145E8D /* UICollectionView+Extension.m */,
				C917408F200DFCE000145E8D /* UIColor+Extension.h */,
				C9174090200DFCE000145E8D /* UIColor+Extension.m */,
				C9174091200DFCE000145E8D /* UIFont+Extension.h */,
				C9174092200DFCE000145E8D /* UIFont+Extension.m */,
				C9174093200DFCE000145E8D /* UIImage+Extension.h */,
				C9174094200DFCE000145E8D /* UIImage+Extension.m */,
				C9174095200DFCE000145E8D /* UIImage+Gif.h */,
				C9174096200DFCE000145E8D /* UIImage+Gif.m */,
				C9174097200DFCE000145E8D /* UITableView+Extension.h */,
				C9174098200DFCE000145E8D /* UITableView+Extension.m */,
				C9174099200DFCE000145E8D /* UITextField+HEFormatter.h */,
				C917409A200DFCE000145E8D /* UITextField+HEFormatter.m */,
				C917409B200DFCE000145E8D /* UIView+Creation.h */,
				C917409C200DFCE000145E8D /* UIView+Creation.m */,
				C917409D200DFCE000145E8D /* UIView+Extension.h */,
				C917409E200DFCE000145E8D /* UIView+Extension.m */,
			);
			path = Categories;
			sourceTree = "<group>";
		};
		C91740B2200DFD6E00145E8D /* NavgationItem */ = {
			isa = PBXGroup;
			children = (
				C91740B3200DFD6E00145E8D /* BarButtonItem.h */,
				C91740B4200DFD6E00145E8D /* BarButtonItem.m */,
				C91740B5200DFD6E00145E8D /* NavigationBar.h */,
				C91740B6200DFD6E00145E8D /* NavigationBar.m */,
			);
			path = NavgationItem;
			sourceTree = "<group>";
		};
		C91740B7200DFD6E00145E8D /* OMGToast */ = {
			isa = PBXGroup;
			children = (
				C91740B8200DFD6E00145E8D /* OMGToast.h */,
				C91740B9200DFD6E00145E8D /* OMGToast.mm */,
				C91740BA200DFD6E00145E8D /* OMGToastShow.h */,
				C91740BB200DFD6E00145E8D /* OMGToastShow.m */,
			);
			path = OMGToast;
			sourceTree = "<group>";
		};
		C91740BC200DFD6E00145E8D /* Macro */ = {
			isa = PBXGroup;
			children = (
				C91740BD200DFD6E00145E8D /* CommonMacros.h */,
				C91740BE200DFD6E00145E8D /* FontAndColorMacros.h */,
				C91740BF200DFD6E00145E8D /* JCMacro.h */,
				C91740C0200DFD6E00145E8D /* Macro.h */,
				C91740C1200DFD6E00145E8D /* UtilsMacros.h */,
			);
			path = Macro;
			sourceTree = "<group>";
		};
/* End PBXGroup section */

/* Begin PBXNativeTarget section */
		C9174019200DE85D00145E8D /* HeartAlarmClock */ = {
			isa = PBXNativeTarget;
			buildConfigurationList = C9174046200DE85D00145E8D /* Build configuration list for PBXNativeTarget "HeartAlarmClock" */;
			buildPhases = (
				742D7D11D223B71BFA698D2D /* [CP] Check Pods Manifest.lock */,
				C9174016200DE85D00145E8D /* Sources */,
				C9174017200DE85D00145E8D /* Frameworks */,
				C9174018200DE85D00145E8D /* Resources */,
				CD134DCE8AFCA210663CA40E /* [CP] Embed Pods Frameworks */,
				B82F18A8DABDABB92A47F75B /* [CP] Copy Pods Resources */,
			);
			buildRules = (
			);
			dependencies = (
			);
			name = HeartAlarmClock;
			productName = HeartAlarmClock;
			productReference = C917401A200DE85D00145E8D /* HeartAlarmClock.app */;
			productType = "com.apple.product-type.application";
		};
		C9174031200DE85D00145E8D /* HeartAlarmClockTests */ = {
			isa = PBXNativeTarget;
			buildConfigurationList = C9174049200DE85D00145E8D /* Build configuration list for PBXNativeTarget "HeartAlarmClockTests" */;
			buildPhases = (
				C917402E200DE85D00145E8D /* Sources */,
				C917402F200DE85D00145E8D /* Frameworks */,
				C9174030200DE85D00145E8D /* Resources */,
			);
			buildRules = (
			);
			dependencies = (
				C9174034200DE85D00145E8D /* PBXTargetDependency */,
			);
			name = HeartAlarmClockTests;
			productName = HeartAlarmClockTests;
			productReference = C9174032200DE85D00145E8D /* HeartAlarmClockTests.xctest */;
			productType = "com.apple.product-type.bundle.unit-test";
		};
		C917403C200DE85D00145E8D /* HeartAlarmClockUITests */ = {
			isa = PBXNativeTarget;
			buildConfigurationList = C917404C200DE85D00145E8D /* Build configuration list for PBXNativeTarget "HeartAlarmClockUITests" */;
			buildPhases = (
				C9174039200DE85D00145E8D /* Sources */,
				C917403A200DE85D00145E8D /* Frameworks */,
				C917403B200DE85D00145E8D /* Resources */,
			);
			buildRules = (
			);
			dependencies = (
				C917403F200DE85D00145E8D /* PBXTargetDependency */,
			);
			name = HeartAlarmClockUITests;
			productName = HeartAlarmClockUITests;
			productReference = C917403D200DE85D00145E8D /* HeartAlarmClockUITests.xctest */;
			productType = "com.apple.product-type.bundle.ui-testing";
		};
/* End PBXNativeTarget section */

/* Begin PBXProject section */
		C9174012200DE85D00145E8D /* Project object */ = {
			isa = PBXProject;
			attributes = {
				LastUpgradeCheck = 0920;
				ORGANIZATIONNAME = xingjian;
				TargetAttributes = {
					C9174019200DE85D00145E8D = {
						CreatedOnToolsVersion = 9.2;
						ProvisioningStyle = Automatic;
					};
					C9174031200DE85D00145E8D = {
						CreatedOnToolsVersion = 9.2;
						ProvisioningStyle = Automatic;
						TestTargetID = C9174019200DE85D00145E8D;
					};
					C917403C200DE85D00145E8D = {
						CreatedOnToolsVersion = 9.2;
						ProvisioningStyle = Automatic;
						TestTargetID = C9174019200DE85D00145E8D;
					};
				};
			};
			buildConfigurationList = C9174015200DE85D00145E8D /* Build configuration list for PBXProject "HeartAlarmClock" */;
			compatibilityVersion = "Xcode 8.0";
			developmentRegion = en;
			hasScannedForEncodings = 0;
			knownRegions = (
				en,
				Base,
			);
			mainGroup = C9174011200DE85D00145E8D;
			productRefGroup = C917401B200DE85D00145E8D /* Products */;
			projectDirPath = "";
			projectRoot = "";
			targets = (
				C9174019200DE85D00145E8D /* HeartAlarmClock */,
				C9174031200DE85D00145E8D /* HeartAlarmClockTests */,
				C917403C200DE85D00145E8D /* HeartAlarmClockUITests */,
			);
		};
/* End PBXProject section */

/* Begin PBXResourcesBuildPhase section */
		C9174018200DE85D00145E8D /* Resources */ = {
			isa = PBXResourcesBuildPhase;
			buildActionMask = 2147483647;
			files = (
				C9174027200DE85D00145E8D /* Assets.xcassets in Resources */,
			);
			runOnlyForDeploymentPostprocessing = 0;
		};
		C9174030200DE85D00145E8D /* Resources */ = {
			isa = PBXResourcesBuildPhase;
			buildActionMask = 2147483647;
			files = (
			);
			runOnlyForDeploymentPostprocessing = 0;
		};
		C917403B200DE85D00145E8D /* Resources */ = {
			isa = PBXResourcesBuildPhase;
			buildActionMask = 2147483647;
			files = (
			);
			runOnlyForDeploymentPostprocessing = 0;
		};
/* End PBXResourcesBuildPhase section */

/* Begin PBXShellScriptBuildPhase section */
		742D7D11D223B71BFA698D2D /* [CP] Check Pods Manifest.lock */ = {
			isa = PBXShellScriptBuildPhase;
			buildActionMask = 2147483647;
			files = (
			);
			inputPaths = (
			);
			name = "[CP] Check Pods Manifest.lock";
			outputPaths = (
			);
			runOnlyForDeploymentPostprocessing = 0;
			shellPath = /bin/sh;
			shellScript = "diff \"${PODS_ROOT}/../Podfile.lock\" \"${PODS_ROOT}/Manifest.lock\" > /dev/null\nif [ $? != 0 ] ; then\n    # print error to STDERR\n    echo \"error: The sandbox is not in sync with the Podfile.lock. Run 'pod install' or update your CocoaPods installation.\" >&2\n    exit 1\nfi\n";
			showEnvVarsInLog = 0;
		};
		B82F18A8DABDABB92A47F75B /* [CP] Copy Pods Resources */ = {
			isa = PBXShellScriptBuildPhase;
			buildActionMask = 2147483647;
			files = (
			);
			inputPaths = (
			);
			name = "[CP] Copy Pods Resources";
			outputPaths = (
			);
			runOnlyForDeploymentPostprocessing = 0;
			shellPath = /bin/sh;
			shellScript = "\"${SRCROOT}/Pods/Target Support Files/Pods-HeartAlarmClock/Pods-HeartAlarmClock-resources.sh\"\n";
			showEnvVarsInLog = 0;
		};
		CD134DCE8AFCA210663CA40E /* [CP] Embed Pods Frameworks */ = {
			isa = PBXShellScriptBuildPhase;
			buildActionMask = 2147483647;
			files = (
			);
			inputPaths = (
			);
			name = "[CP] Embed Pods Frameworks";
			outputPaths = (
			);
			runOnlyForDeploymentPostprocessing = 0;
			shellPath = /bin/sh;
			shellScript = "\"${SRCROOT}/Pods/Target Support Files/Pods-HeartAlarmClock/Pods-HeartAlarmClock-frameworks.sh\"\n";
			showEnvVarsInLog = 0;
		};
/* End PBXShellScriptBuildPhase section */

/* Begin PBXSourcesBuildPhase section */
		C9174016200DE85D00145E8D /* Sources */ = {
			isa = PBXSourcesBuildPhase;
			buildActionMask = 2147483647;
			files = (
				C91740A2200DFCE000145E8D /* NSDate+Extension.m in Sources */,
				C91740C4200DFD6E00145E8D /* OMGToast.mm in Sources */,
				C91740A6200DFCE000145E8D /* NSString+JCAttributedString.m in Sources */,
				C91740A7200DFCE000145E8D /* UIBezierPath+curved.m in Sources */,
				C91740AB200DFCE000145E8D /* UIFont+Extension.m in Sources */,
				C9174075200DFBFB00145E8D /* XLWebViewController.m in Sources */,
				C91740AD200DFCE000145E8D /* UIImage+Gif.m in Sources */,
				C91740C2200DFD6E00145E8D /* BarButtonItem.m in Sources */,
				C91740D9200E002C00145E8D /* AppTheme.m in Sources */,
				C9174070200DFBFB00145E8D /* BaseNavigationController.m in Sources */,
				C91740A9200DFCE000145E8D /* UICollectionView+Extension.m in Sources */,
				C91740C3200DFD6E00145E8D /* NavigationBar.m in Sources */,
				C91740C8200DFDC100145E8D /* ToolsHelper.m in Sources */,
				C91740AF200DFCE000145E8D /* UITextField+HEFormatter.m in Sources */,
				C91740B1200DFCE000145E8D /* UIView+Extension.m in Sources */,
				C91740A8200DFCE000145E8D /* UIButton+Extension.m in Sources */,
				C91740AE200DFCE000145E8D /* UITableView+Extension.m in Sources */,
				C91740A1200DFCE000145E8D /* NSBundle+Language.m in Sources */,
				C9174074200DFBFB00145E8D /* BaseViewController.m in Sources */,
				C91740D2200DFEBF00145E8D /* TKFooterView.m in Sources */,
				C91740A3200DFCE000145E8D /* NSDictionary+Extension.m in Sources */,
				C91740DC200E022A00145E8D /* HEBubbleView.m in Sources */,
				C92D956A20171F7B00F21721 /* EvaluateRemindModel.m in Sources */,
				C9174071200DFBFB00145E8D /* MainTabBarController.m in Sources */,
				C917405C200DF24800145E8D /* AppDelegate.m in Sources */,
				C91740A0200DFCE000145E8D /* MBProgressHUD+Extension.m in Sources */,
				C91740D3200DFEBF00145E8D /* TKHeaderView.m in Sources */,
				C91740D8200E002C00145E8D /* AppScene.m in Sources */,
				C9174076200DFBFB00145E8D /* XLJSHandler.m in Sources */,
				C91740AC200DFCE000145E8D /* UIImage+Extension.m in Sources */,
				C917409F200DFCE000145E8D /* BaseViewController+NavigationBar.m in Sources */,
				C91740AA200DFCE000145E8D /* UIColor+Extension.m in Sources */,
				C91740C5200DFD6E00145E8D /* OMGToastShow.m in Sources */,
				C91740B0200DFCE000145E8D /* UIView+Creation.m in Sources */,
				C91740CD200DFE4700145E8D /* YPTransition.m in Sources */,
				C9174073200DFBFB00145E8D /* BaseTabbarController.m in Sources */,
				C91740A5200DFCE000145E8D /* NSString+Extension.m in Sources */,
				C917402D200DE85D00145E8D /* main.m in Sources */,
				C9174072200DFBFB00145E8D /* BaseWebViewController.m in Sources */,
				C917405F200DF26000145E8D /* HomeViewController.m in Sources */,
				C91740A4200DFCE000145E8D /* NSObject+Extension.m in Sources */,
			);
			runOnlyForDeploymentPostprocessing = 0;
		};
		C917402E200DE85D00145E8D /* Sources */ = {
			isa = PBXSourcesBuildPhase;
			buildActionMask = 2147483647;
			files = (
				C9174037200DE85D00145E8D /* HeartAlarmClockTests.m in Sources */,
			);
			runOnlyForDeploymentPostprocessing = 0;
		};
		C9174039200DE85D00145E8D /* Sources */ = {
			isa = PBXSourcesBuildPhase;
			buildActionMask = 2147483647;
			files = (
				C9174042200DE85D00145E8D /* HeartAlarmClockUITests.m in Sources */,
			);
			runOnlyForDeploymentPostprocessing = 0;
		};
/* End PBXSourcesBuildPhase section */

/* Begin PBXTargetDependency section */
		C9174034200DE85D00145E8D /* PBXTargetDependency */ = {
			isa = PBXTargetDependency;
			target = C9174019200DE85D00145E8D /* HeartAlarmClock */;
			targetProxy = C9174033200DE85D00145E8D /* PBXContainerItemProxy */;
		};
		C917403F200DE85D00145E8D /* PBXTargetDependency */ = {
			isa = PBXTargetDependency;
			target = C9174019200DE85D00145E8D /* HeartAlarmClock */;
			targetProxy = C917403E200DE85D00145E8D /* PBXContainerItemProxy */;
		};
/* End PBXTargetDependency section */

/* Begin XCBuildConfiguration section */
		C9174044200DE85D00145E8D /* Debug */ = {
			isa = XCBuildConfiguration;
			buildSettings = {
				ALWAYS_SEARCH_USER_PATHS = NO;
				CLANG_ANALYZER_NONNULL = YES;
				CLANG_ANALYZER_NUMBER_OBJECT_CONVERSION = YES_AGGRESSIVE;
				CLANG_CXX_LANGUAGE_STANDARD = "gnu++14";
				CLANG_CXX_LIBRARY = "libc++";
				CLANG_ENABLE_MODULES = YES;
				CLANG_ENABLE_OBJC_ARC = YES;
				CLANG_WARN_BLOCK_CAPTURE_AUTORELEASING = YES;
				CLANG_WARN_BOOL_CONVERSION = YES;
				CLANG_WARN_COMMA = YES;
				CLANG_WARN_CONSTANT_CONVERSION = YES;
				CLANG_WARN_DIRECT_OBJC_ISA_USAGE = YES_ERROR;
				CLANG_WARN_DOCUMENTATION_COMMENTS = YES;
				CLANG_WARN_EMPTY_BODY = YES;
				CLANG_WARN_ENUM_CONVERSION = YES;
				CLANG_WARN_INFINITE_RECURSION = YES;
				CLANG_WARN_INT_CONVERSION = YES;
				CLANG_WARN_NON_LITERAL_NULL_CONVERSION = YES;
				CLANG_WARN_OBJC_LITERAL_CONVERSION = YES;
				CLANG_WARN_OBJC_ROOT_CLASS = YES_ERROR;
				CLANG_WARN_RANGE_LOOP_ANALYSIS = YES;
				CLANG_WARN_STRICT_PROTOTYPES = YES;
				CLANG_WARN_SUSPICIOUS_MOVE = YES;
				CLANG_WARN_UNGUARDED_AVAILABILITY = YES_AGGRESSIVE;
				CLANG_WARN_UNREACHABLE_CODE = YES;
				CLANG_WARN__DUPLICATE_METHOD_MATCH = YES;
				CODE_SIGN_IDENTITY = "iPhone Developer";
				COPY_PHASE_STRIP = NO;
				DEBUG_INFORMATION_FORMAT = dwarf;
				ENABLE_STRICT_OBJC_MSGSEND = YES;
				ENABLE_TESTABILITY = YES;
				GCC_C_LANGUAGE_STANDARD = gnu11;
				GCC_DYNAMIC_NO_PIC = NO;
				GCC_NO_COMMON_BLOCKS = YES;
				GCC_OPTIMIZATION_LEVEL = 0;
				GCC_PREPROCESSOR_DEFINITIONS = (
					"DEBUG=1",
					"$(inherited)",
				);
				GCC_WARN_64_TO_32_BIT_CONVERSION = YES;
				GCC_WARN_ABOUT_RETURN_TYPE = YES_ERROR;
				GCC_WARN_UNDECLARED_SELECTOR = YES;
				GCC_WARN_UNINITIALIZED_AUTOS = YES_AGGRESSIVE;
				GCC_WARN_UNUSED_FUNCTION = YES;
				GCC_WARN_UNUSED_VARIABLE = YES;
				IPHONEOS_DEPLOYMENT_TARGET = 11.2;
				MTL_ENABLE_DEBUG_INFO = YES;
				ONLY_ACTIVE_ARCH = YES;
				SDKROOT = iphoneos;
			};
			name = Debug;
		};
		C9174045200DE85D00145E8D /* Release */ = {
			isa = XCBuildConfiguration;
			buildSettings = {
				ALWAYS_SEARCH_USER_PATHS = NO;
				CLANG_ANALYZER_NONNULL = YES;
				CLANG_ANALYZER_NUMBER_OBJECT_CONVERSION = YES_AGGRESSIVE;
				CLANG_CXX_LANGUAGE_STANDARD = "gnu++14";
				CLANG_CXX_LIBRARY = "libc++";
				CLANG_ENABLE_MODULES = YES;
				CLANG_ENABLE_OBJC_ARC = YES;
				CLANG_WARN_BLOCK_CAPTURE_AUTORELEASING = YES;
				CLANG_WARN_BOOL_CONVERSION = YES;
				CLANG_WARN_COMMA = YES;
				CLANG_WARN_CONSTANT_CONVERSION = YES;
				CLANG_WARN_DIRECT_OBJC_ISA_USAGE = YES_ERROR;
				CLANG_WARN_DOCUMENTATION_COMMENTS = YES;
				CLANG_WARN_EMPTY_BODY = YES;
				CLANG_WARN_ENUM_CONVERSION = YES;
				CLANG_WARN_INFINITE_RECURSION = YES;
				CLANG_WARN_INT_CONVERSION = YES;
				CLANG_WARN_NON_LITERAL_NULL_CONVERSION = YES;
				CLANG_WARN_OBJC_LITERAL_CONVERSION = YES;
				CLANG_WARN_OBJC_ROOT_CLASS = YES_ERROR;
				CLANG_WARN_RANGE_LOOP_ANALYSIS = YES;
				CLANG_WARN_STRICT_PROTOTYPES = YES;
				CLANG_WARN_SUSPICIOUS_MOVE = YES;
				CLANG_WARN_UNGUARDED_AVAILABILITY = YES_AGGRESSIVE;
				CLANG_WARN_UNREACHABLE_CODE = YES;
				CLANG_WARN__DUPLICATE_METHOD_MATCH = YES;
				CODE_SIGN_IDENTITY = "iPhone Developer";
				COPY_PHASE_STRIP = NO;
				DEBUG_INFORMATION_FORMAT = "dwarf-with-dsym";
				ENABLE_NS_ASSERTIONS = NO;
				ENABLE_STRICT_OBJC_MSGSEND = YES;
				GCC_C_LANGUAGE_STANDARD = gnu11;
				GCC_NO_COMMON_BLOCKS = YES;
				GCC_WARN_64_TO_32_BIT_CONVERSION = YES;
				GCC_WARN_ABOUT_RETURN_TYPE = YES_ERROR;
				GCC_WARN_UNDECLARED_SELECTOR = YES;
				GCC_WARN_UNINITIALIZED_AUTOS = YES_AGGRESSIVE;
				GCC_WARN_UNUSED_FUNCTION = YES;
				GCC_WARN_UNUSED_VARIABLE = YES;
				IPHONEOS_DEPLOYMENT_TARGET = 11.2;
				MTL_ENABLE_DEBUG_INFO = NO;
				SDKROOT = iphoneos;
				VALIDATE_PRODUCT = YES;
			};
			name = Release;
		};
		C9174047200DE85D00145E8D /* Debug */ = {
			isa = XCBuildConfiguration;
			baseConfigurationReference = CCFB5FDBD27DC23105824682 /* Pods-HeartAlarmClock.debug.xcconfig */;
			buildSettings = {
				ASSETCATALOG_COMPILER_APPICON_NAME = AppIcon;
				ASSETCATALOG_COMPILER_LAUNCHIMAGE_NAME = LaunchImage;
				CODE_SIGN_STYLE = Automatic;
				DEVELOPMENT_TEAM = 6Q2YDFTL2W;
				GCC_PREFIX_HEADER = HeartAlarmClock/HeartAlarmClockPrefixHeader.pch;
				INFOPLIST_FILE = HeartAlarmClock/Info.plist;
				IPHONEOS_DEPLOYMENT_TARGET = 8.0;
				LD_RUNPATH_SEARCH_PATHS = "$(inherited) @executable_path/Frameworks";
				PRODUCT_BUNDLE_IDENTIFIER = com.jack.HeartAlarmClock;
				PRODUCT_NAME = "$(TARGET_NAME)";
				TARGETED_DEVICE_FAMILY = 1;
			};
			name = Debug;
		};
		C9174048200DE85D00145E8D /* Release */ = {
			isa = XCBuildConfiguration;
			baseConfigurationReference = 01EBB5A7A1C146495AFDE50E /* Pods-HeartAlarmClock.release.xcconfig */;
			buildSettings = {
				ASSETCATALOG_COMPILER_APPICON_NAME = AppIcon;
				ASSETCATALOG_COMPILER_LAUNCHIMAGE_NAME = LaunchImage;
				CODE_SIGN_STYLE = Automatic;
				DEVELOPMENT_TEAM = 6Q2YDFTL2W;
				GCC_PREFIX_HEADER = HeartAlarmClock/HeartAlarmClockPrefixHeader.pch;
				INFOPLIST_FILE = HeartAlarmClock/Info.plist;
				IPHONEOS_DEPLOYMENT_TARGET = 8.0;
				LD_RUNPATH_SEARCH_PATHS = "$(inherited) @executable_path/Frameworks";
				PRODUCT_BUNDLE_IDENTIFIER = com.jack.HeartAlarmClock;
				PRODUCT_NAME = "$(TARGET_NAME)";
				TARGETED_DEVICE_FAMILY = 1;
			};
			name = Release;
		};
		C917404A200DE85D00145E8D /* Debug */ = {
			isa = XCBuildConfiguration;
			buildSettings = {
				BUNDLE_LOADER = "$(TEST_HOST)";
				CODE_SIGN_STYLE = Automatic;
				DEVELOPMENT_TEAM = 6Q2YDFTL2W;
				INFOPLIST_FILE = HeartAlarmClockTests/Info.plist;
				LD_RUNPATH_SEARCH_PATHS = "$(inherited) @executable_path/Frameworks @loader_path/Frameworks";
				PRODUCT_BUNDLE_IDENTIFIER = com.xingjian.HeartAlarmClockTests;
				PRODUCT_NAME = "$(TARGET_NAME)";
				TARGETED_DEVICE_FAMILY = "1,2";
				TEST_HOST = "$(BUILT_PRODUCTS_DIR)/HeartAlarmClock.app/HeartAlarmClock";
			};
			name = Debug;
		};
		C917404B200DE85D00145E8D /* Release */ = {
			isa = XCBuildConfiguration;
			buildSettings = {
				BUNDLE_LOADER = "$(TEST_HOST)";
				CODE_SIGN_STYLE = Automatic;
				DEVELOPMENT_TEAM = 6Q2YDFTL2W;
				INFOPLIST_FILE = HeartAlarmClockTests/Info.plist;
				LD_RUNPATH_SEARCH_PATHS = "$(inherited) @executable_path/Frameworks @loader_path/Frameworks";
				PRODUCT_BUNDLE_IDENTIFIER = com.xingjian.HeartAlarmClockTests;
				PRODUCT_NAME = "$(TARGET_NAME)";
				TARGETED_DEVICE_FAMILY = "1,2";
				TEST_HOST = "$(BUILT_PRODUCTS_DIR)/HeartAlarmClock.app/HeartAlarmClock";
			};
			name = Release;
		};
		C917404D200DE85D00145E8D /* Debug */ = {
			isa = XCBuildConfiguration;
			buildSettings = {
				CODE_SIGN_STYLE = Automatic;
				DEVELOPMENT_TEAM = 6Q2YDFTL2W;
				INFOPLIST_FILE = HeartAlarmClockUITests/Info.plist;
				LD_RUNPATH_SEARCH_PATHS = "$(inherited) @executable_path/Frameworks @loader_path/Frameworks";
				PRODUCT_BUNDLE_IDENTIFIER = com.xingjian.HeartAlarmClockUITests;
				PRODUCT_NAME = "$(TARGET_NAME)";
				TARGETED_DEVICE_FAMILY = "1,2";
				TEST_TARGET_NAME = HeartAlarmClock;
			};
			name = Debug;
		};
		C917404E200DE85D00145E8D /* Release */ = {
			isa = XCBuildConfiguration;
			buildSettings = {
				CODE_SIGN_STYLE = Automatic;
				DEVELOPMENT_TEAM = 6Q2YDFTL2W;
				INFOPLIST_FILE = HeartAlarmClockUITests/Info.plist;
				LD_RUNPATH_SEARCH_PATHS = "$(inherited) @executable_path/Frameworks @loader_path/Frameworks";
				PRODUCT_BUNDLE_IDENTIFIER = com.xingjian.HeartAlarmClockUITests;
				PRODUCT_NAME = "$(TARGET_NAME)";
				TARGETED_DEVICE_FAMILY = "1,2";
				TEST_TARGET_NAME = HeartAlarmClock;
			};
			name = Release;
		};
/* End XCBuildConfiguration section */

/* Begin XCConfigurationList section */
		C9174015200DE85D00145E8D /* Build configuration list for PBXProject "HeartAlarmClock" */ = {
			isa = XCConfigurationList;
			buildConfigurations = (
				C9174044200DE85D00145E8D /* Debug */,
				C9174045200DE85D00145E8D /* Release */,
			);
			defaultConfigurationIsVisible = 0;
			defaultConfigurationName = Release;
		};
		C9174046200DE85D00145E8D /* Build configuration list for PBXNativeTarget "HeartAlarmClock" */ = {
			isa = XCConfigurationList;
			buildConfigurations = (
				C9174047200DE85D00145E8D /* Debug */,
				C9174048200DE85D00145E8D /* Release */,
			);
			defaultConfigurationIsVisible = 0;
			defaultConfigurationName = Release;
		};
		C9174049200DE85D00145E8D /* Build configuration list for PBXNativeTarget "HeartAlarmClockTests" */ = {
			isa = XCConfigurationList;
			buildConfigurations = (
				C917404A200DE85D00145E8D /* Debug */,
				C917404B200DE85D00145E8D /* Release */,
			);
			defaultConfigurationIsVisible = 0;
			defaultConfigurationName = Release;
		};
		C917404C200DE85D00145E8D /* Build configuration list for PBXNativeTarget "HeartAlarmClockUITests" */ = {
			isa = XCConfigurationList;
			buildConfigurations = (
				C917404D200DE85D00145E8D /* Debug */,
				C917404E200DE85D00145E8D /* Release */,
			);
			defaultConfigurationIsVisible = 0;
			defaultConfigurationName = Release;
		};
/* End XCConfigurationList section */
	};
	rootObject = C9174012200DE85D00145E8D /* Project object */;
}
