// !$*UTF8*$!
{
	archiveVersion = 1;
	classes = {
	};
	objectVersion = 48;
	objects = {

/* Begin PBXBuildFile section */
		C9174027200DE85D00145E8D /* Assets.xcassets in Resources */ = {isa = PBXBuildFile; fileRef = C9174026200DE85D00145E8D /* Assets.xcassets */; };
		C917402D200DE85D00145E8D /* main.m in Sources */ = {isa = PBXBuildFile; fileRef = C917402C200DE85D00145E8D /* main.m */; };
		C9174037200DE85D00145E8D /* HeartAlarmClockTests.m in Sources */ = {isa = PBXBuildFile; fileRef = C9174036200DE85D00145E8D /* HeartAlarmClockTests.m */; };
		C9174042200DE85D00145E8D /* HeartAlarmClockUITests.m in Sources */ = {isa = PBXBuildFile; fileRef = C9174041200DE85D00145E8D /* HeartAlarmClockUITests.m */; };
		C917405C200DF24800145E8D /* AppDelegate.m in Sources */ = {isa = PBXBuildFile; fileRef = C9174057200DF24700145E8D /* AppDelegate.m */; };
		C917405F200DF26000145E8D /* HomeViewController.m in Sources */ = {isa = PBXBuildFile; fileRef = C917405E200DF26000145E8D /* HomeViewController.m */; };
		C9174070200DFBFB00145E8D /* BaseNavigationController.m in Sources */ = {isa = PBXBuildFile; fileRef = C9174062200DFBF900145E8D /* BaseNavigationController.m */; };
		C9174071200DFBFB00145E8D /* MainTabBarController.m in Sources */ = {isa = PBXBuildFile; fileRef = C9174066200DFBFA00145E8D /* MainTabBarController.m */; };
		C9174072200DFBFB00145E8D /* BaseWebViewController.m in Sources */ = {isa = PBXBuildFile; fileRef = C9174067200DFBFA00145E8D /* BaseWebViewController.m */; };
		C9174073200DFBFB00145E8D /* BaseTabbarController.m in Sources */ = {isa = PBXBuildFile; fileRef = C9174069200DFBFA00145E8D /* BaseTabbarController.m */; };
		C9174074200DFBFB00145E8D /* BaseViewController.m in Sources */ = {isa = PBXBuildFile; fileRef = C917406A200DFBFA00145E8D /* BaseViewController.m */; };
		C9174075200DFBFB00145E8D /* XLWebViewController.m in Sources */ = {isa = PBXBuildFile; fileRef = C917406B200DFBFA00145E8D /* XLWebViewController.m */; };
		C9174076200DFBFB00145E8D /* XLJSHandler.m in Sources */ = {isa = PBXBuildFile; fileRef = C917406C200DFBFA00145E8D /* XLJSHandler.m */; };
		C917409F200DFCE000145E8D /* BaseViewController+NavigationBar.m in Sources */ = {isa = PBXBuildFile; fileRef = C9174079200DFCE000145E8D /* BaseViewController+NavigationBar.m */; };
		C91740A0200DFCE000145E8D /* MBProgressHUD+Extension.m in Sources */ = {isa = PBXBuildFile; fileRef = C917407C200DFCE000145E8D /* MBProgressHUD+Extension.m */; };
		C91740A1200DFCE000145E8D /* NSBundle+Language.m in Sources */ = {isa = PBXBuildFile; fileRef = C917407E200DFCE000145E8D /* NSBundle+Language.m */; };
		C91740A2200DFCE000145E8D /* NSDate+Extension.m in Sources */ = {isa = PBXBuildFile; fileRef = C9174080200DFCE000145E8D /* NSDate+Extension.m */; };
		C91740A3200DFCE000145E8D /* NSDictionary+Extension.m in Sources */ = {isa = PBXBuildFile; fileRef = C9174082200DFCE000145E8D /* NSDictionary+Extension.m */; };
		C91740A4200DFCE000145E8D /* NSObject+Extension.m in Sources */ = {isa = PBXBuildFile; fileRef = C9174084200DFCE000145E8D /* NSObject+Extension.m */; };
		C91740A5200DFCE000145E8D /* NSString+Extension.m in Sources */ = {isa = PBXBuildFile; fileRef = C9174086200DFCE000145E8D /* NSString+Extension.m */; };
		C91740A6200DFCE000145E8D /* NSString+JCAttributedString.m in Sources */ = {isa = PBXBuildFile; fileRef = C9174088200DFCE000145E8D /* NSString+JCAttributedString.m */; };
		C91740A7200DFCE000145E8D /* UIBezierPath+curved.m in Sources */ = {isa = PBXBuildFile; fileRef = C917408A200DFCE000145E8D /* UIBezierPath+curved.m */; };
		C91740A8200DFCE000145E8D /* UIButton+Extension.m in Sources */ = {isa = PBXBuildFile; fileRef = C917408C200DFCE000145E8D /* UIButton+Extension.m */; };
		C91740A9200DFCE000145E8D /* UICollectionView+Extension.m in Sources */ = {isa = PBXBuildFile; fileRef = C917408E200DFCE000145E8D /* UICollectionView+Extension.m */; };
		C91740AA200DFCE000145E8D /* UIColor+Extension.m in Sources */ = {isa = PBXBuildFile; fileRef = C9174090200DFCE000145E8D /* UIColor+Extension.m */; };
		C91740AB200DFCE000145E8D /* UIFont+Extension.m in Sources */ = {isa = PBXBuildFile; fileRef = C9174092200DFCE000145E8D /* UIFont+Extension.m */; };
		C91740AC200DFCE000145E8D /* UIImage+Extension.m in Sources */ = {isa = PBXBuildFile; fileRef = C9174094200DFCE000145E8D /* UIImage+Extension.m */; };
		C91740AD200DFCE000145E8D /* UIImage+Gif.m in Sources */ = {isa = PBXBuildFile; fileRef = C9174096200DFCE000145E8D /* UIImage+Gif.m */; };
		C91740AE200DFCE000145E8D /* UITableView+Extension.m in Sources */ = {isa = PBXBuildFile; fileRef = C9174098200DFCE000145E8D /* UITableView+Extension.m */; };
		C91740AF200DFCE000145E8D /* UITextField+HEFormatter.m in Sources */ = {isa = PBXBuildFile; fileRef = C917409A200DFCE000145E8D /* UITextField+HEFormatter.m */; };
		C91740B0200DFCE000145E8D /* UIView+Creation.m in Sources */ = {isa = PBXBuildFile; fileRef = C917409C200DFCE000145E8D /* UIView+Creation.m */; };
		C91740B1200DFCE000145E8D /* UIView+Extension.m in Sources */ = {isa = PBXBuildFile; fileRef = C917409E200DFCE000145E8D /* UIView+Extension.m */; };
		C91740C2200DFD6E00145E8D /* BarButtonItem.m in Sources */ = {isa = PBXBuildFile; fileRef = C91740B4200DFD6E00145E8D /* BarButtonItem.m */; };
		C91740C3200DFD6E00145E8D /* NavigationBar.m in Sources */ = {isa = PBXBuildFile; fileRef = C91740B6200DFD6E00145E8D /* NavigationBar.m */; };
		C91740C4200DFD6E00145E8D /* OMGToast.mm in Sources */ = {isa = PBXBuildFile; fileRef = C91740B9200DFD6E00145E8D /* OMGToast.mm */; settings = {COMPILER_FLAGS = "-fno-objc-arc"; }; };
		C91740C5200DFD6E00145E8D /* OMGToastShow.m in Sources */ = {isa = PBXBuildFile; fileRef = C91740BB200DFD6E00145E8D /* OMGToastShow.m */; };
		C91740C8200DFDC100145E8D /* ToolsHelper.m in Sources */ = {isa = PBXBuildFile; fileRef = C91740C6200DFDC100145E8D /* ToolsHelper.m */; };
		C91740CD200DFE4700145E8D /* YPTransition.m in Sources */ = {isa = PBXBuildFile; fileRef = C91740CA200DFE4600145E8D /* YPTransition.m */; };
		C91740D2200DFEBF00145E8D /* TKFooterView.m in Sources */ = {isa = PBXBuildFile; fileRef = C91740CE200DFEBE00145E8D /* TKFooterView.m */; };
		C91740D3200DFEBF00145E8D /* TKHeaderView.m in Sources */ = {isa = PBXBuildFile; fileRef = C91740D1200DFEBF00145E8D /* TKHeaderView.m */; };
		C91740D8200E002C00145E8D /* AppScene.m in Sources */ = {isa = PBXBuildFile; fileRef = C91740D5200E002C00145E8D /* AppScene.m */; };
		C91740D9200E002C00145E8D /* AppTheme.m in Sources */ = {isa = PBXBuildFile; fileRef = C91740D7200E002C00145E8D /* AppTheme.m */; };
		C91740DC200E022A00145E8D /* HEBubbleView.m in Sources */ = {isa = PBXBuildFile; fileRef = C91740DB200E022A00145E8D /* HEBubbleView.m */; };
		C917E4F2201863320038F8A1 /* SettingViewController.m in Sources */ = {isa = PBXBuildFile; fileRef = C917E4F1201863320038F8A1 /* SettingViewController.m */; };
		C917E4F5201863630038F8A1 /* ClockSettingViewController.m in Sources */ = {isa = PBXBuildFile; fileRef = C917E4F4201863630038F8A1 /* ClockSettingViewController.m */; };
		C917E4FB201863A30038F8A1 /* BellSettingViewController.m in Sources */ = {isa = PBXBuildFile; fileRef = C917E4FA201863A30038F8A1 /* BellSettingViewController.m */; };
		C917E4FE201863B90038F8A1 /* AboutusViewController.m in Sources */ = {isa = PBXBuildFile; fileRef = C917E4FD201863B90038F8A1 /* AboutusViewController.m */; };
		C917E501201864380038F8A1 /* WallpaperViewController.m in Sources */ = {isa = PBXBuildFile; fileRef = C917E500201864380038F8A1 /* WallpaperViewController.m */; };
		C917E5042018647C0038F8A1 /* BellRecordingViewController.m in Sources */ = {isa = PBXBuildFile; fileRef = C917E5032018647C0038F8A1 /* BellRecordingViewController.m */; };
		C917E507201899F10038F8A1 /* JCShareView.m in Sources */ = {isa = PBXBuildFile; fileRef = C917E506201899F10038F8A1 /* JCShareView.m */; };
		C917E50A20196EE10038F8A1 /* JCRemindTableViewCell.m in Sources */ = {isa = PBXBuildFile; fileRef = C917E50920196EE10038F8A1 /* JCRemindTableViewCell.m */; };
		C92D956A20171F7B00F21721 /* EvaluateRemindModel.m in Sources */ = {isa = PBXBuildFile; fileRef = C92D956820171F7B00F21721 /* EvaluateRemindModel.m */; };
		C92D956D2018282B00F21721 /* EvaluateRemindManger.m in Sources */ = {isa = PBXBuildFile; fileRef = C92D956C2018282B00F21721 /* EvaluateRemindManger.m */; };
		C9A5019C2044FA85005553F4 /* 斗地主~.wav in Resources */ = {isa = PBXBuildFile; fileRef = C9A501982044FA84005553F4 /* 斗地主~.wav */; };
		C9A5019D2044FA85005553F4 /* Normal 3.wav in Resources */ = {isa = PBXBuildFile; fileRef = C9A501992044FA84005553F4 /* Normal 3.wav */; };
		C9A5019E2044FA85005553F4 /* Welcome 1.wav in Resources */ = {isa = PBXBuildFile; fileRef = C9A5019A2044FA85005553F4 /* Welcome 1.wav */; };
		C9A5019F2044FA85005553F4 /* Normal 2.wav in Resources */ = {isa = PBXBuildFile; fileRef = C9A5019B2044FA85005553F4 /* Normal 2.wav */; };
		C9A501A32044FA96005553F4 /* 王者荣耀英雄台词版.wav in Resources */ = {isa = PBXBuildFile; fileRef = C9A501A02044FA95005553F4 /* 王者荣耀英雄台词版.wav */; };
		C9A501A42044FA96005553F4 /* 【稳住别浪】.wav in Resources */ = {isa = PBXBuildFile; fileRef = C9A501A12044FA95005553F4 /* 【稳住别浪】.wav */; };
		C9A501A52044FA96005553F4 /* 来一口炸裂的农药吧.wav in Resources */ = {isa = PBXBuildFile; fileRef = C9A501A22044FA96005553F4 /* 来一口炸裂的农药吧.wav */; };
		C9A501AE2044FAAB005553F4 /* 《啦啦啦德玛西亚》主题曲.wav in Resources */ = {isa = PBXBuildFile; fileRef = C9A501A62044FAA8005553F4 /* 《啦啦啦德玛西亚》主题曲.wav */; };
		C9A501AF2044FAAB005553F4 /* 亚索台词版.wav in Resources */ = {isa = PBXBuildFile; fileRef = C9A501A72044FAA9005553F4 /* 亚索台词版.wav */; };
		C9A501B02044FAAB005553F4 /* Legends Never Die.wav in Resources */ = {isa = PBXBuildFile; fileRef = C9A501A82044FAA9005553F4 /* Legends Never Die.wav */; };
		C9A501B12044FAAB005553F4 /* 《啦啦啦德玛西亚第四季超神学院》插曲.wav in Resources */ = {isa = PBXBuildFile; fileRef = C9A501A92044FAA9005553F4 /* 《啦啦啦德玛西亚第四季超神学院》插曲.wav */; };
		C9A501B22044FAAB005553F4 /* 2017英雄联盟全球总决赛主题曲.wav in Resources */ = {isa = PBXBuildFile; fileRef = C9A501AA2044FAAA005553F4 /* 2017英雄联盟全球总决赛主题曲.wav */; };
		C9A501B32044FAAB005553F4 /* Teemo迅捷斥候-提莫.wav in Resources */ = {isa = PBXBuildFile; fileRef = C9A501AB2044FAAA005553F4 /* Teemo迅捷斥候-提莫.wav */; };
		C9A501B42044FAAB005553F4 /* 英雄联盟的姑娘们.wav in Resources */ = {isa = PBXBuildFile; fileRef = C9A501AC2044FAAA005553F4 /* 英雄联盟的姑娘们.wav */; };
		C9A501B52044FAAB005553F4 /* 英雄联盟.wav in Resources */ = {isa = PBXBuildFile; fileRef = C9A501AD2044FAAB005553F4 /* 英雄联盟.wav */; };
		C9A501BC2044FABE005553F4 /* 哆啦a梦.wav in Resources */ = {isa = PBXBuildFile; fileRef = C9A501B62044FABC005553F4 /* 哆啦a梦.wav */; };
		C9A501BD2044FABE005553F4 /* 哆啦A梦伴我同行.wav in Resources */ = {isa = PBXBuildFile; fileRef = C9A501B72044FABC005553F4 /* 哆啦A梦伴我同行.wav */; };
		C9A501BE2044FABE005553F4 /* ひまわりの約束.wav in Resources */ = {isa = PBXBuildFile; fileRef = C9A501B82044FABC005553F4 /* ひまわりの約束.wav */; };
		C9A501BF2044FABE005553F4 /* 夏川りみ - ハグしちゃお.wav in Resources */ = {isa = PBXBuildFile; fileRef = C9A501B92044FABD005553F4 /* 夏川りみ - ハグしちゃお.wav */; };
		C9A501C02044FABE005553F4 /* 夢をかなえてドラえもん.wav in Resources */ = {isa = PBXBuildFile; fileRef = C9A501BA2044FABD005553F4 /* 夢をかなえてドラえもん.wav */; };
		C9A501C12044FABE005553F4 /* ドラえも～ん！.wav in Resources */ = {isa = PBXBuildFile; fileRef = C9A501BB2044FABD005553F4 /* ドラえも～ん！.wav */; };
		C9A501C62044FAD0005553F4 /* 煌めく瞬间 (とき) に捕らわれて.wav in Resources */ = {isa = PBXBuildFile; fileRef = C9A501C22044FACF005553F4 /* 煌めく瞬间 (とき) に捕らわれて.wav */; };
		C9A501C72044FAD0005553F4 /* 世界が终わるまでは.wav in Resources */ = {isa = PBXBuildFile; fileRef = C9A501C32044FACF005553F4 /* 世界が终わるまでは.wav */; };
		C9A501C82044FAD0005553F4 /* あなただけ見つめてる.wav in Resources */ = {isa = PBXBuildFile; fileRef = C9A501C42044FACF005553F4 /* あなただけ見つめてる.wav */; };
		C9A501C92044FAD0005553F4 /* 君が好きだと叫びたい.wav in Resources */ = {isa = PBXBuildFile; fileRef = C9A501C52044FACF005553F4 /* 君が好きだと叫びたい.wav */; };
		C9A501CC2044FAE0005553F4 /* Dear friends.wav in Resources */ = {isa = PBXBuildFile; fileRef = C9A501CA2044FADF005553F4 /* Dear friends.wav */; };
		C9A501CD2044FAE0005553F4 /* BRAND NEW WORLD.wav in Resources */ = {isa = PBXBuildFile; fileRef = C9A501CB2044FAE0005553F4 /* BRAND NEW WORLD.wav */; };
		C9A501D02044FAEF005553F4 /* FLOW - Sign.wav in Resources */ = {isa = PBXBuildFile; fileRef = C9A501CE2044FAEF005553F4 /* FLOW - Sign.wav */; };
		C9A501D12044FAEF005553F4 /* Hearts Grow - ユラユラ.wav in Resources */ = {isa = PBXBuildFile; fileRef = C9A501CF2044FAEF005553F4 /* Hearts Grow - ユラユラ.wav */; };
		C9A501D62044FAFC005553F4 /* 名探偵コナン」~メインテーマ.wav in Resources */ = {isa = PBXBuildFile; fileRef = C9A501D22044FAFB005553F4 /* 名探偵コナン」~メインテーマ.wav */; };
		C9A501D72044FAFC005553F4 /* ↑THE HIGH-LOWS↓ - 胸がドキドキ.wav in Resources */ = {isa = PBXBuildFile; fileRef = C9A501D32044FAFB005553F4 /* ↑THE HIGH-LOWS↓ - 胸がドキドキ.wav */; };
		C9A501D82044FAFC005553F4 /* CHICAGO POODLE - 君の笑顔がなによりも好きだった.wav in Resources */ = {isa = PBXBuildFile; fileRef = C9A501D42044FAFB005553F4 /* CHICAGO POODLE - 君の笑顔がなによりも好きだった.wav */; };
		C9A501D92044FAFC005553F4 /* Lie, Lie, Lie.wav in Resources */ = {isa = PBXBuildFile; fileRef = C9A501D52044FAFB005553F4 /* Lie, Lie, Lie.wav */; };
		C9A501DC2044FB0A005553F4 /* 大原櫻子 - おどるポンポコリン 00_00_12-00_00_41.44(New1).wav in Resources */ = {isa = PBXBuildFile; fileRef = C9A501DA2044FB09005553F4 /* 大原櫻子 - おどるポンポコリン 00_00_12-00_00_41.44(New1).wav */; };
		C9A501DD2044FB0A005553F4 /* 水谷優子,山本圭子,渡辺菜生子 - あっけにとられた时のうた~出演者ヴァージョン 00_00_00-00_00_29(New1).wav in Resources */ = {isa = PBXBuildFile; fileRef = C9A501DB2044FB0A005553F4 /* 水谷優子,山本圭子,渡辺菜生子 - あっけにとられた时のうた~出演者ヴァージョン 00_00_00-00_00_29(New1).wav */; };
		C9A501E72044FB25005553F4 /* 校长你什么时候装空调啊？.wav in Resources */ = {isa = PBXBuildFile; fileRef = C9A501DE2044FB1E005553F4 /* 校长你什么时候装空调啊？.wav */; };
		C9A501E82044FB25005553F4 /* 曾小贤魔性笑声第二弹.wav in Resources */ = {isa = PBXBuildFile; fileRef = C9A501DF2044FB1E005553F4 /* 曾小贤魔性笑声第二弹.wav */; };
		C9A501E92044FB25005553F4 /* 鬼畜弟弟第二版.wav in Resources */ = {isa = PBXBuildFile; fileRef = C9A501E02044FB1F005553F4 /* 鬼畜弟弟第二版.wav */; };
		C9A501EA2044FB25005553F4 /* 元首nobody.wav in Resources */ = {isa = PBXBuildFile; fileRef = C9A501E12044FB1F005553F4 /* 元首nobody.wav */; };
		C9A501EB2044FB25005553F4 /* 【全明星】刘备为何开枪打死曹操.wav in Resources */ = {isa = PBXBuildFile; fileRef = C9A501E22044FB20005553F4 /* 【全明星】刘备为何开枪打死曹操.wav */; };
		C9A501EC2044FB25005553F4 /* 浙江温州江南皮革厂倒闭了.wav in Resources */ = {isa = PBXBuildFile; fileRef = C9A501E32044FB21005553F4 /* 浙江温州江南皮革厂倒闭了.wav */; };
		C9A501ED2044FB25005553F4 /* Are You OK.wav in Resources */ = {isa = PBXBuildFile; fileRef = C9A501E42044FB22005553F4 /* Are You OK.wav */; };
		C9A501EE2044FB25005553F4 /* 我居然鬼畜了弟弟（第一版）.wav in Resources */ = {isa = PBXBuildFile; fileRef = C9A501E52044FB23005553F4 /* 我居然鬼畜了弟弟（第一版）.wav */; };
		C9A501EF2044FB25005553F4 /* 挖掘机技术哪家强？.wav in Resources */ = {isa = PBXBuildFile; fileRef = C9A501E62044FB24005553F4 /* 挖掘机技术哪家强？.wav */; };
		C9A501F62044FB32005553F4 /* 看我五五开.wav in Resources */ = {isa = PBXBuildFile; fileRef = C9A501F02044FB30005553F4 /* 看我五五开.wav */; };
		C9A501F72044FB32005553F4 /* 我是全英雄联盟最骚的骚猪.wav in Resources */ = {isa = PBXBuildFile; fileRef = C9A501F12044FB30005553F4 /* 我是全英雄联盟最骚的骚猪.wav */; };
		C9A501F82044FB32005553F4 /* 骚猪大战五五开.wav in Resources */ = {isa = PBXBuildFile; fileRef = C9A501F22044FB31005553F4 /* 骚猪大战五五开.wav */; };
		C9A501F92044FB32005553F4 /* 我是世界上最优良的中二杀神.wav in Resources */ = {isa = PBXBuildFile; fileRef = C9A501F32044FB31005553F4 /* 我是世界上最优良的中二杀神.wav */; };
		C9A501FA2044FB32005553F4 /* 笑笑没头发.wav in Resources */ = {isa = PBXBuildFile; fileRef = C9A501F42044FB32005553F4 /* 笑笑没头发.wav */; };
		C9A501FB2044FB32005553F4 /* 金牌鬼畜讲师热唱马大侠.wav in Resources */ = {isa = PBXBuildFile; fileRef = C9A501F52044FB32005553F4 /* 金牌鬼畜讲师热唱马大侠.wav */; };
		C9A501FD2044FB9B005553F4 /* music.plist in Resources */ = {isa = PBXBuildFile; fileRef = C9A501FC2044FB9B005553F4 /* music.plist */; };
		C9A501FF2045028A005553F4 /* musickey.plist in Resources */ = {isa = PBXBuildFile; fileRef = C9A501FE2045028A005553F4 /* musickey.plist */; };
		C9A5020120450464005553F4 /* 动物园.wav in Resources */ = {isa = PBXBuildFile; fileRef = C9A5020020450464005553F4 /* 动物园.wav */; };
		C9A5020420453B06005553F4 /* JCTimePickerView.m in Sources */ = {isa = PBXBuildFile; fileRef = C9A5020320453B06005553F4 /* JCTimePickerView.m */; };
		C9A5020720453CBA005553F4 /* JCTipSelectView.m in Sources */ = {isa = PBXBuildFile; fileRef = C9A5020620453CBA005553F4 /* JCTipSelectView.m */; };
		C9A5020A20453DAE005553F4 /* JCRepeatSelectView.m in Sources */ = {isa = PBXBuildFile; fileRef = C9A5020920453DAE005553F4 /* JCRepeatSelectView.m */; };
		C9A5020D20453E3A005553F4 /* JCBellSelctView.m in Sources */ = {isa = PBXBuildFile; fileRef = C9A5020C20453E3A005553F4 /* JCBellSelctView.m */; };
		C9A5021020453EA7005553F4 /* JCVibrationSelectView.m in Sources */ = {isa = PBXBuildFile; fileRef = C9A5020F20453EA7005553F4 /* JCVibrationSelectView.m */; };
		C9A50213204547AB005553F4 /* JCBellTableViewCell.m in Sources */ = {isa = PBXBuildFile; fileRef = C9A50212204547AB005553F4 /* JCBellTableViewCell.m */; };
		C9A50216204644CB005553F4 /* JCBellHeaderView.m in Sources */ = {isa = PBXBuildFile; fileRef = C9A50215204644CB005553F4 /* JCBellHeaderView.m */; };
		E360F908029386C27FA83675 /* libPods-HeartAlarmClock.a in Frameworks */ = {isa = PBXBuildFile; fileRef = 4A1D57E124BB2950A048E6FD /* libPods-HeartAlarmClock.a */; };
/* End PBXBuildFile section */

/* Begin PBXContainerItemProxy section */
		C9174033200DE85D00145E8D /* PBXContainerItemProxy */ = {
			isa = PBXContainerItemProxy;
			containerPortal = C9174012200DE85D00145E8D /* Project object */;
			proxyType = 1;
			remoteGlobalIDString = C9174019200DE85D00145E8D;
			remoteInfo = HeartAlarmClock;
		};
		C917403E200DE85D00145E8D /* PBXContainerItemProxy */ = {
			isa = PBXContainerItemProxy;
			containerPortal = C9174012200DE85D00145E8D /* Project object */;
			proxyType = 1;
			remoteGlobalIDString = C9174019200DE85D00145E8D;
			remoteInfo = HeartAlarmClock;
		};
/* End PBXContainerItemProxy section */

/* Begin PBXFileReference section */
		01EBB5A7A1C146495AFDE50E /* Pods-HeartAlarmClock.release.xcconfig */ = {isa = PBXFileReference; includeInIndex = 1; lastKnownFileType = text.xcconfig; name = "Pods-HeartAlarmClock.release.xcconfig"; path = "Pods/Target Support Files/Pods-HeartAlarmClock/Pods-HeartAlarmClock.release.xcconfig"; sourceTree = "<group>"; };
		4A1D57E124BB2950A048E6FD /* libPods-HeartAlarmClock.a */ = {isa = PBXFileReference; explicitFileType = archive.ar; includeInIndex = 0; path = "libPods-HeartAlarmClock.a"; sourceTree = BUILT_PRODUCTS_DIR; };
		C917401A200DE85D00145E8D /* HeartAlarmClock.app */ = {isa = PBXFileReference; explicitFileType = wrapper.application; includeInIndex = 0; path = HeartAlarmClock.app; sourceTree = BUILT_PRODUCTS_DIR; };
		C9174026200DE85D00145E8D /* Assets.xcassets */ = {isa = PBXFileReference; lastKnownFileType = folder.assetcatalog; path = Assets.xcassets; sourceTree = "<group>"; };
		C917402B200DE85D00145E8D /* Info.plist */ = {isa = PBXFileReference; lastKnownFileType = text.plist.xml; path = Info.plist; sourceTree = "<group>"; };
		C917402C200DE85D00145E8D /* main.m */ = {isa = PBXFileReference; lastKnownFileType = sourcecode.c.objc; path = main.m; sourceTree = "<group>"; };
		C9174032200DE85D00145E8D /* HeartAlarmClockTests.xctest */ = {isa = PBXFileReference; explicitFileType = wrapper.cfbundle; includeInIndex = 0; path = HeartAlarmClockTests.xctest; sourceTree = BUILT_PRODUCTS_DIR; };
		C9174036200DE85D00145E8D /* HeartAlarmClockTests.m */ = {isa = PBXFileReference; lastKnownFileType = sourcecode.c.objc; path = HeartAlarmClockTests.m; sourceTree = "<group>"; };
		C9174038200DE85D00145E8D /* Info.plist */ = {isa = PBXFileReference; lastKnownFileType = text.plist.xml; path = Info.plist; sourceTree = "<group>"; };
		C917403D200DE85D00145E8D /* HeartAlarmClockUITests.xctest */ = {isa = PBXFileReference; explicitFileType = wrapper.cfbundle; includeInIndex = 0; path = HeartAlarmClockUITests.xctest; sourceTree = BUILT_PRODUCTS_DIR; };
		C9174041200DE85D00145E8D /* HeartAlarmClockUITests.m */ = {isa = PBXFileReference; lastKnownFileType = sourcecode.c.objc; path = HeartAlarmClockUITests.m; sourceTree = "<group>"; };
		C9174043200DE85D00145E8D /* Info.plist */ = {isa = PBXFileReference; lastKnownFileType = text.plist.xml; path = Info.plist; sourceTree = "<group>"; };
		C9174056200DF24700145E8D /* AppDelegate.h */ = {isa = PBXFileReference; fileEncoding = 4; lastKnownFileType = sourcecode.c.h; path = AppDelegate.h; sourceTree = "<group>"; };
		C9174057200DF24700145E8D /* AppDelegate.m */ = {isa = PBXFileReference; fileEncoding = 4; lastKnownFileType = sourcecode.c.objc; path = AppDelegate.m; sourceTree = "<group>"; };
		C917405D200DF26000145E8D /* HomeViewController.h */ = {isa = PBXFileReference; lastKnownFileType = sourcecode.c.h; path = HomeViewController.h; sourceTree = "<group>"; };
		C917405E200DF26000145E8D /* HomeViewController.m */ = {isa = PBXFileReference; lastKnownFileType = sourcecode.c.objc; path = HomeViewController.m; sourceTree = "<group>"; };
		C9174061200DF9E100145E8D /* HeartAlarmClockPrefixHeader.pch */ = {isa = PBXFileReference; lastKnownFileType = sourcecode.c.h; path = HeartAlarmClockPrefixHeader.pch; sourceTree = "<group>"; };
		C9174062200DFBF900145E8D /* BaseNavigationController.m */ = {isa = PBXFileReference; fileEncoding = 4; lastKnownFileType = sourcecode.c.objc; path = BaseNavigationController.m; sourceTree = "<group>"; };
		C9174063200DFBFA00145E8D /* MainTabBarController.h */ = {isa = PBXFileReference; fileEncoding = 4; lastKnownFileType = sourcecode.c.h; path = MainTabBarController.h; sourceTree = "<group>"; };
		C9174064200DFBFA00145E8D /* BaseNavigationController.h */ = {isa = PBXFileReference; fileEncoding = 4; lastKnownFileType = sourcecode.c.h; path = BaseNavigationController.h; sourceTree = "<group>"; };
		C9174065200DFBFA00145E8D /* XLJSHandler.h */ = {isa = PBXFileReference; fileEncoding = 4; lastKnownFileType = sourcecode.c.h; path = XLJSHandler.h; sourceTree = "<group>"; };
		C9174066200DFBFA00145E8D /* MainTabBarController.m */ = {isa = PBXFileReference; fileEncoding = 4; lastKnownFileType = sourcecode.c.objc; path = MainTabBarController.m; sourceTree = "<group>"; };
		C9174067200DFBFA00145E8D /* BaseWebViewController.m */ = {isa = PBXFileReference; fileEncoding = 4; lastKnownFileType = sourcecode.c.objc; path = BaseWebViewController.m; sourceTree = "<group>"; };
		C9174068200DFBFA00145E8D /* XLWebViewController.h */ = {isa = PBXFileReference; fileEncoding = 4; lastKnownFileType = sourcecode.c.h; path = XLWebViewController.h; sourceTree = "<group>"; };
		C9174069200DFBFA00145E8D /* BaseTabbarController.m */ = {isa = PBXFileReference; fileEncoding = 4; lastKnownFileType = sourcecode.c.objc; path = BaseTabbarController.m; sourceTree = "<group>"; };
		C917406A200DFBFA00145E8D /* BaseViewController.m */ = {isa = PBXFileReference; fileEncoding = 4; lastKnownFileType = sourcecode.c.objc; path = BaseViewController.m; sourceTree = "<group>"; };
		C917406B200DFBFA00145E8D /* XLWebViewController.m */ = {isa = PBXFileReference; fileEncoding = 4; lastKnownFileType = sourcecode.c.objc; path = XLWebViewController.m; sourceTree = "<group>"; };
		C917406C200DFBFA00145E8D /* XLJSHandler.m */ = {isa = PBXFileReference; fileEncoding = 4; lastKnownFileType = sourcecode.c.objc; path = XLJSHandler.m; sourceTree = "<group>"; };
		C917406D200DFBFA00145E8D /* BaseWebViewController.h */ = {isa = PBXFileReference; fileEncoding = 4; lastKnownFileType = sourcecode.c.h; path = BaseWebViewController.h; sourceTree = "<group>"; };
		C917406E200DFBFB00145E8D /* BaseTabbarController.h */ = {isa = PBXFileReference; fileEncoding = 4; lastKnownFileType = sourcecode.c.h; path = BaseTabbarController.h; sourceTree = "<group>"; };
		C917406F200DFBFB00145E8D /* BaseViewController.h */ = {isa = PBXFileReference; fileEncoding = 4; lastKnownFileType = sourcecode.c.h; path = BaseViewController.h; sourceTree = "<group>"; };
		C9174078200DFCE000145E8D /* BaseViewController+NavigationBar.h */ = {isa = PBXFileReference; fileEncoding = 4; lastKnownFileType = sourcecode.c.h; path = "BaseViewController+NavigationBar.h"; sourceTree = "<group>"; };
		C9174079200DFCE000145E8D /* BaseViewController+NavigationBar.m */ = {isa = PBXFileReference; fileEncoding = 4; lastKnownFileType = sourcecode.c.objc; path = "BaseViewController+NavigationBar.m"; sourceTree = "<group>"; };
		C917407A200DFCE000145E8D /* Categories.h */ = {isa = PBXFileReference; fileEncoding = 4; lastKnownFileType = sourcecode.c.h; path = Categories.h; sourceTree = "<group>"; };
		C917407B200DFCE000145E8D /* MBProgressHUD+Extension.h */ = {isa = PBXFileReference; fileEncoding = 4; lastKnownFileType = sourcecode.c.h; path = "MBProgressHUD+Extension.h"; sourceTree = "<group>"; };
		C917407C200DFCE000145E8D /* MBProgressHUD+Extension.m */ = {isa = PBXFileReference; fileEncoding = 4; lastKnownFileType = sourcecode.c.objc; path = "MBProgressHUD+Extension.m"; sourceTree = "<group>"; };
		C917407D200DFCE000145E8D /* NSBundle+Language.h */ = {isa = PBXFileReference; fileEncoding = 4; lastKnownFileType = sourcecode.c.h; path = "NSBundle+Language.h"; sourceTree = "<group>"; };
		C917407E200DFCE000145E8D /* NSBundle+Language.m */ = {isa = PBXFileReference; fileEncoding = 4; lastKnownFileType = sourcecode.c.objc; path = "NSBundle+Language.m"; sourceTree = "<group>"; };
		C917407F200DFCE000145E8D /* NSDate+Extension.h */ = {isa = PBXFileReference; fileEncoding = 4; lastKnownFileType = sourcecode.c.h; path = "NSDate+Extension.h"; sourceTree = "<group>"; };
		C9174080200DFCE000145E8D /* NSDate+Extension.m */ = {isa = PBXFileReference; fileEncoding = 4; lastKnownFileType = sourcecode.c.objc; path = "NSDate+Extension.m"; sourceTree = "<group>"; };
		C9174081200DFCE000145E8D /* NSDictionary+Extension.h */ = {isa = PBXFileReference; fileEncoding = 4; lastKnownFileType = sourcecode.c.h; path = "NSDictionary+Extension.h"; sourceTree = "<group>"; };
		C9174082200DFCE000145E8D /* NSDictionary+Extension.m */ = {isa = PBXFileReference; fileEncoding = 4; lastKnownFileType = sourcecode.c.objc; path = "NSDictionary+Extension.m"; sourceTree = "<group>"; };
		C9174083200DFCE000145E8D /* NSObject+Extension.h */ = {isa = PBXFileReference; fileEncoding = 4; lastKnownFileType = sourcecode.c.h; path = "NSObject+Extension.h"; sourceTree = "<group>"; };
		C9174084200DFCE000145E8D /* NSObject+Extension.m */ = {isa = PBXFileReference; fileEncoding = 4; lastKnownFileType = sourcecode.c.objc; path = "NSObject+Extension.m"; sourceTree = "<group>"; };
		C9174085200DFCE000145E8D /* NSString+Extension.h */ = {isa = PBXFileReference; fileEncoding = 4; lastKnownFileType = sourcecode.c.h; path = "NSString+Extension.h"; sourceTree = "<group>"; };
		C9174086200DFCE000145E8D /* NSString+Extension.m */ = {isa = PBXFileReference; fileEncoding = 4; lastKnownFileType = sourcecode.c.objc; path = "NSString+Extension.m"; sourceTree = "<group>"; };
		C9174087200DFCE000145E8D /* NSString+JCAttributedString.h */ = {isa = PBXFileReference; fileEncoding = 4; lastKnownFileType = sourcecode.c.h; path = "NSString+JCAttributedString.h"; sourceTree = "<group>"; };
		C9174088200DFCE000145E8D /* NSString+JCAttributedString.m */ = {isa = PBXFileReference; fileEncoding = 4; lastKnownFileType = sourcecode.c.objc; path = "NSString+JCAttributedString.m"; sourceTree = "<group>"; };
		C9174089200DFCE000145E8D /* UIBezierPath+curved.h */ = {isa = PBXFileReference; fileEncoding = 4; lastKnownFileType = sourcecode.c.h; path = "UIBezierPath+curved.h"; sourceTree = "<group>"; };
		C917408A200DFCE000145E8D /* UIBezierPath+curved.m */ = {isa = PBXFileReference; fileEncoding = 4; lastKnownFileType = sourcecode.c.objc; path = "UIBezierPath+curved.m"; sourceTree = "<group>"; };
		C917408B200DFCE000145E8D /* UIButton+Extension.h */ = {isa = PBXFileReference; fileEncoding = 4; lastKnownFileType = sourcecode.c.h; path = "UIButton+Extension.h"; sourceTree = "<group>"; };
		C917408C200DFCE000145E8D /* UIButton+Extension.m */ = {isa = PBXFileReference; fileEncoding = 4; lastKnownFileType = sourcecode.c.objc; path = "UIButton+Extension.m"; sourceTree = "<group>"; };
		C917408D200DFCE000145E8D /* UICollectionView+Extension.h */ = {isa = PBXFileReference; fileEncoding = 4; lastKnownFileType = sourcecode.c.h; path = "UICollectionView+Extension.h"; sourceTree = "<group>"; };
		C917408E200DFCE000145E8D /* UICollectionView+Extension.m */ = {isa = PBXFileReference; fileEncoding = 4; lastKnownFileType = sourcecode.c.objc; path = "UICollectionView+Extension.m"; sourceTree = "<group>"; };
		C917408F200DFCE000145E8D /* UIColor+Extension.h */ = {isa = PBXFileReference; fileEncoding = 4; lastKnownFileType = sourcecode.c.h; path = "UIColor+Extension.h"; sourceTree = "<group>"; };
		C9174090200DFCE000145E8D /* UIColor+Extension.m */ = {isa = PBXFileReference; fileEncoding = 4; lastKnownFileType = sourcecode.c.objc; path = "UIColor+Extension.m"; sourceTree = "<group>"; };
		C9174091200DFCE000145E8D /* UIFont+Extension.h */ = {isa = PBXFileReference; fileEncoding = 4; lastKnownFileType = sourcecode.c.h; path = "UIFont+Extension.h"; sourceTree = "<group>"; };
		C9174092200DFCE000145E8D /* UIFont+Extension.m */ = {isa = PBXFileReference; fileEncoding = 4; lastKnownFileType = sourcecode.c.objc; path = "UIFont+Extension.m"; sourceTree = "<group>"; };
		C9174093200DFCE000145E8D /* UIImage+Extension.h */ = {isa = PBXFileReference; fileEncoding = 4; lastKnownFileType = sourcecode.c.h; path = "UIImage+Extension.h"; sourceTree = "<group>"; };
		C9174094200DFCE000145E8D /* UIImage+Extension.m */ = {isa = PBXFileReference; fileEncoding = 4; lastKnownFileType = sourcecode.c.objc; path = "UIImage+Extension.m"; sourceTree = "<group>"; };
		C9174095200DFCE000145E8D /* UIImage+Gif.h */ = {isa = PBXFileReference; fileEncoding = 4; lastKnownFileType = sourcecode.c.h; path = "UIImage+Gif.h"; sourceTree = "<group>"; };
		C9174096200DFCE000145E8D /* UIImage+Gif.m */ = {isa = PBXFileReference; fileEncoding = 4; lastKnownFileType = sourcecode.c.objc; path = "UIImage+Gif.m"; sourceTree = "<group>"; };
		C9174097200DFCE000145E8D /* UITableView+Extension.h */ = {isa = PBXFileReference; fileEncoding = 4; lastKnownFileType = sourcecode.c.h; path = "UITableView+Extension.h"; sourceTree = "<group>"; };
		C9174098200DFCE000145E8D /* UITableView+Extension.m */ = {isa = PBXFileReference; fileEncoding = 4; lastKnownFileType = sourcecode.c.objc; path = "UITableView+Extension.m"; sourceTree = "<group>"; };
		C9174099200DFCE000145E8D /* UITextField+HEFormatter.h */ = {isa = PBXFileReference; fileEncoding = 4; lastKnownFileType = sourcecode.c.h; path = "UITextField+HEFormatter.h"; sourceTree = "<group>"; };
		C917409A200DFCE000145E8D /* UITextField+HEFormatter.m */ = {isa = PBXFileReference; fileEncoding = 4; lastKnownFileType = sourcecode.c.objc; path = "UITextField+HEFormatter.m"; sourceTree = "<group>"; };
		C917409B200DFCE000145E8D /* UIView+Creation.h */ = {isa = PBXFileReference; fileEncoding = 4; lastKnownFileType = sourcecode.c.h; path = "UIView+Creation.h"; sourceTree = "<group>"; };
		C917409C200DFCE000145E8D /* UIView+Creation.m */ = {isa = PBXFileReference; fileEncoding = 4; lastKnownFileType = sourcecode.c.objc; path = "UIView+Creation.m"; sourceTree = "<group>"; };
		C917409D200DFCE000145E8D /* UIView+Extension.h */ = {isa = PBXFileReference; fileEncoding = 4; lastKnownFileType = sourcecode.c.h; path = "UIView+Extension.h"; sourceTree = "<group>"; };
		C917409E200DFCE000145E8D /* UIView+Extension.m */ = {isa = PBXFileReference; fileEncoding = 4; lastKnownFileType = sourcecode.c.objc; path = "UIView+Extension.m"; sourceTree = "<group>"; };
		C91740B3200DFD6E00145E8D /* BarButtonItem.h */ = {isa = PBXFileReference; fileEncoding = 4; lastKnownFileType = sourcecode.c.h; path = BarButtonItem.h; sourceTree = "<group>"; };
		C91740B4200DFD6E00145E8D /* BarButtonItem.m */ = {isa = PBXFileReference; fileEncoding = 4; lastKnownFileType = sourcecode.c.objc; path = BarButtonItem.m; sourceTree = "<group>"; };
		C91740B5200DFD6E00145E8D /* NavigationBar.h */ = {isa = PBXFileReference; fileEncoding = 4; lastKnownFileType = sourcecode.c.h; path = NavigationBar.h; sourceTree = "<group>"; };
		C91740B6200DFD6E00145E8D /* NavigationBar.m */ = {isa = PBXFileReference; fileEncoding = 4; lastKnownFileType = sourcecode.c.objc; path = NavigationBar.m; sourceTree = "<group>"; };
		C91740B8200DFD6E00145E8D /* OMGToast.h */ = {isa = PBXFileReference; fileEncoding = 4; lastKnownFileType = sourcecode.c.h; path = OMGToast.h; sourceTree = "<group>"; };
		C91740B9200DFD6E00145E8D /* OMGToast.mm */ = {isa = PBXFileReference; fileEncoding = 4; lastKnownFileType = sourcecode.cpp.objcpp; path = OMGToast.mm; sourceTree = "<group>"; };
		C91740BA200DFD6E00145E8D /* OMGToastShow.h */ = {isa = PBXFileReference; fileEncoding = 4; lastKnownFileType = sourcecode.c.h; path = OMGToastShow.h; sourceTree = "<group>"; };
		C91740BB200DFD6E00145E8D /* OMGToastShow.m */ = {isa = PBXFileReference; fileEncoding = 4; lastKnownFileType = sourcecode.c.objc; path = OMGToastShow.m; sourceTree = "<group>"; };
		C91740BD200DFD6E00145E8D /* CommonMacros.h */ = {isa = PBXFileReference; fileEncoding = 4; lastKnownFileType = sourcecode.c.h; path = CommonMacros.h; sourceTree = "<group>"; };
		C91740BE200DFD6E00145E8D /* FontAndColorMacros.h */ = {isa = PBXFileReference; fileEncoding = 4; lastKnownFileType = sourcecode.c.h; path = FontAndColorMacros.h; sourceTree = "<group>"; };
		C91740BF200DFD6E00145E8D /* JCMacro.h */ = {isa = PBXFileReference; fileEncoding = 4; lastKnownFileType = sourcecode.c.h; path = JCMacro.h; sourceTree = "<group>"; };
		C91740C0200DFD6E00145E8D /* Macro.h */ = {isa = PBXFileReference; fileEncoding = 4; lastKnownFileType = sourcecode.c.h; path = Macro.h; sourceTree = "<group>"; };
		C91740C1200DFD6E00145E8D /* UtilsMacros.h */ = {isa = PBXFileReference; fileEncoding = 4; lastKnownFileType = sourcecode.c.h; path = UtilsMacros.h; sourceTree = "<group>"; };
		C91740C6200DFDC100145E8D /* ToolsHelper.m */ = {isa = PBXFileReference; fileEncoding = 4; lastKnownFileType = sourcecode.c.objc; path = ToolsHelper.m; sourceTree = "<group>"; };
		C91740C7200DFDC100145E8D /* ToolsHelper.h */ = {isa = PBXFileReference; fileEncoding = 4; lastKnownFileType = sourcecode.c.h; path = ToolsHelper.h; sourceTree = "<group>"; };
		C91740C9200DFDEA00145E8D /* JCEnumType.h */ = {isa = PBXFileReference; lastKnownFileType = sourcecode.c.h; path = JCEnumType.h; sourceTree = "<group>"; };
		C91740CA200DFE4600145E8D /* YPTransition.m */ = {isa = PBXFileReference; fileEncoding = 4; lastKnownFileType = sourcecode.c.objc; path = YPTransition.m; sourceTree = "<group>"; };
		C91740CB200DFE4600145E8D /* YPTransition.h */ = {isa = PBXFileReference; fileEncoding = 4; lastKnownFileType = sourcecode.c.h; path = YPTransition.h; sourceTree = "<group>"; };
		C91740CC200DFE4600145E8D /* YPTransitionProtocol.h */ = {isa = PBXFileReference; fileEncoding = 4; lastKnownFileType = sourcecode.c.h; path = YPTransitionProtocol.h; sourceTree = "<group>"; };
		C91740CE200DFEBE00145E8D /* TKFooterView.m */ = {isa = PBXFileReference; fileEncoding = 4; lastKnownFileType = sourcecode.c.objc; path = TKFooterView.m; sourceTree = "<group>"; };
		C91740CF200DFEBE00145E8D /* TKHeaderView.h */ = {isa = PBXFileReference; fileEncoding = 4; lastKnownFileType = sourcecode.c.h; path = TKHeaderView.h; sourceTree = "<group>"; };
		C91740D0200DFEBE00145E8D /* TKFooterView.h */ = {isa = PBXFileReference; fileEncoding = 4; lastKnownFileType = sourcecode.c.h; path = TKFooterView.h; sourceTree = "<group>"; };
		C91740D1200DFEBF00145E8D /* TKHeaderView.m */ = {isa = PBXFileReference; fileEncoding = 4; lastKnownFileType = sourcecode.c.objc; path = TKHeaderView.m; sourceTree = "<group>"; };
		C91740D4200E002C00145E8D /* AppScene.h */ = {isa = PBXFileReference; fileEncoding = 4; lastKnownFileType = sourcecode.c.h; path = AppScene.h; sourceTree = "<group>"; };
		C91740D5200E002C00145E8D /* AppScene.m */ = {isa = PBXFileReference; fileEncoding = 4; lastKnownFileType = sourcecode.c.objc; path = AppScene.m; sourceTree = "<group>"; };
		C91740D6200E002C00145E8D /* AppTheme.h */ = {isa = PBXFileReference; fileEncoding = 4; lastKnownFileType = sourcecode.c.h; path = AppTheme.h; sourceTree = "<group>"; };
		C91740D7200E002C00145E8D /* AppTheme.m */ = {isa = PBXFileReference; fileEncoding = 4; lastKnownFileType = sourcecode.c.objc; path = AppTheme.m; sourceTree = "<group>"; };
		C91740DA200E022900145E8D /* HEBubbleView.h */ = {isa = PBXFileReference; fileEncoding = 4; lastKnownFileType = sourcecode.c.h; path = HEBubbleView.h; sourceTree = "<group>"; };
		C91740DB200E022A00145E8D /* HEBubbleView.m */ = {isa = PBXFileReference; fileEncoding = 4; lastKnownFileType = sourcecode.c.objc; path = HEBubbleView.m; sourceTree = "<group>"; };
		C917E4F0201863320038F8A1 /* SettingViewController.h */ = {isa = PBXFileReference; lastKnownFileType = sourcecode.c.h; path = SettingViewController.h; sourceTree = "<group>"; };
		C917E4F1201863320038F8A1 /* SettingViewController.m */ = {isa = PBXFileReference; lastKnownFileType = sourcecode.c.objc; path = SettingViewController.m; sourceTree = "<group>"; };
		C917E4F3201863630038F8A1 /* ClockSettingViewController.h */ = {isa = PBXFileReference; lastKnownFileType = sourcecode.c.h; path = ClockSettingViewController.h; sourceTree = "<group>"; };
		C917E4F4201863630038F8A1 /* ClockSettingViewController.m */ = {isa = PBXFileReference; lastKnownFileType = sourcecode.c.objc; path = ClockSettingViewController.m; sourceTree = "<group>"; };
		C917E4F9201863A30038F8A1 /* BellSettingViewController.h */ = {isa = PBXFileReference; lastKnownFileType = sourcecode.c.h; path = BellSettingViewController.h; sourceTree = "<group>"; };
		C917E4FA201863A30038F8A1 /* BellSettingViewController.m */ = {isa = PBXFileReference; lastKnownFileType = sourcecode.c.objc; path = BellSettingViewController.m; sourceTree = "<group>"; };
		C917E4FC201863B90038F8A1 /* AboutusViewController.h */ = {isa = PBXFileReference; lastKnownFileType = sourcecode.c.h; path = AboutusViewController.h; sourceTree = "<group>"; };
		C917E4FD201863B90038F8A1 /* AboutusViewController.m */ = {isa = PBXFileReference; lastKnownFileType = sourcecode.c.objc; path = AboutusViewController.m; sourceTree = "<group>"; };
		C917E4FF201864380038F8A1 /* WallpaperViewController.h */ = {isa = PBXFileReference; lastKnownFileType = sourcecode.c.h; path = WallpaperViewController.h; sourceTree = "<group>"; };
		C917E500201864380038F8A1 /* WallpaperViewController.m */ = {isa = PBXFileReference; lastKnownFileType = sourcecode.c.objc; path = WallpaperViewController.m; sourceTree = "<group>"; };
		C917E5022018647C0038F8A1 /* BellRecordingViewController.h */ = {isa = PBXFileReference; lastKnownFileType = sourcecode.c.h; path = BellRecordingViewController.h; sourceTree = "<group>"; };
		C917E5032018647C0038F8A1 /* BellRecordingViewController.m */ = {isa = PBXFileReference; lastKnownFileType = sourcecode.c.objc; path = BellRecordingViewController.m; sourceTree = "<group>"; };
		C917E505201899F10038F8A1 /* JCShareView.h */ = {isa = PBXFileReference; lastKnownFileType = sourcecode.c.h; path = JCShareView.h; sourceTree = "<group>"; };
		C917E506201899F10038F8A1 /* JCShareView.m */ = {isa = PBXFileReference; lastKnownFileType = sourcecode.c.objc; path = JCShareView.m; sourceTree = "<group>"; };
		C917E50820196EE10038F8A1 /* JCRemindTableViewCell.h */ = {isa = PBXFileReference; lastKnownFileType = sourcecode.c.h; path = JCRemindTableViewCell.h; sourceTree = "<group>"; };
		C917E50920196EE10038F8A1 /* JCRemindTableViewCell.m */ = {isa = PBXFileReference; lastKnownFileType = sourcecode.c.objc; path = JCRemindTableViewCell.m; sourceTree = "<group>"; };
		C92D956820171F7B00F21721 /* EvaluateRemindModel.m */ = {isa = PBXFileReference; fileEncoding = 4; lastKnownFileType = sourcecode.c.objc; path = EvaluateRemindModel.m; sourceTree = "<group>"; };
		C92D956920171F7B00F21721 /* EvaluateRemindModel.h */ = {isa = PBXFileReference; fileEncoding = 4; lastKnownFileType = sourcecode.c.h; path = EvaluateRemindModel.h; sourceTree = "<group>"; };
		C92D956B2018282B00F21721 /* EvaluateRemindManger.h */ = {isa = PBXFileReference; lastKnownFileType = sourcecode.c.h; path = EvaluateRemindManger.h; sourceTree = "<group>"; };
		C92D956C2018282B00F21721 /* EvaluateRemindManger.m */ = {isa = PBXFileReference; lastKnownFileType = sourcecode.c.objc; path = EvaluateRemindManger.m; sourceTree = "<group>"; };
		C9A501982044FA84005553F4 /* 斗地主~.wav */ = {isa = PBXFileReference; lastKnownFileType = audio.wav; path = "斗地主~.wav"; sourceTree = "<group>"; };
		C9A501992044FA84005553F4 /* Normal 3.wav */ = {isa = PBXFileReference; lastKnownFileType = audio.wav; path = "Normal 3.wav"; sourceTree = "<group>"; };
		C9A5019A2044FA85005553F4 /* Welcome 1.wav */ = {isa = PBXFileReference; lastKnownFileType = audio.wav; path = "Welcome 1.wav"; sourceTree = "<group>"; };
		C9A5019B2044FA85005553F4 /* Normal 2.wav */ = {isa = PBXFileReference; lastKnownFileType = audio.wav; path = "Normal 2.wav"; sourceTree = "<group>"; };
		C9A501A02044FA95005553F4 /* 王者荣耀英雄台词版.wav */ = {isa = PBXFileReference; lastKnownFileType = audio.wav; path = "王者荣耀英雄台词版.wav"; sourceTree = "<group>"; };
		C9A501A12044FA95005553F4 /* 【稳住别浪】.wav */ = {isa = PBXFileReference; lastKnownFileType = audio.wav; path = "【稳住别浪】.wav"; sourceTree = "<group>"; };
		C9A501A22044FA96005553F4 /* 来一口炸裂的农药吧.wav */ = {isa = PBXFileReference; lastKnownFileType = audio.wav; path = "来一口炸裂的农药吧.wav"; sourceTree = "<group>"; };
		C9A501A62044FAA8005553F4 /* 《啦啦啦德玛西亚》主题曲.wav */ = {isa = PBXFileReference; lastKnownFileType = audio.wav; path = "《啦啦啦德玛西亚》主题曲.wav"; sourceTree = "<group>"; };
		C9A501A72044FAA9005553F4 /* 亚索台词版.wav */ = {isa = PBXFileReference; lastKnownFileType = audio.wav; path = "亚索台词版.wav"; sourceTree = "<group>"; };
		C9A501A82044FAA9005553F4 /* Legends Never Die.wav */ = {isa = PBXFileReference; lastKnownFileType = audio.wav; path = "Legends Never Die.wav"; sourceTree = "<group>"; };
		C9A501A92044FAA9005553F4 /* 《啦啦啦德玛西亚第四季超神学院》插曲.wav */ = {isa = PBXFileReference; lastKnownFileType = audio.wav; path = "《啦啦啦德玛西亚第四季超神学院》插曲.wav"; sourceTree = "<group>"; };
		C9A501AA2044FAAA005553F4 /* 2017英雄联盟全球总决赛主题曲.wav */ = {isa = PBXFileReference; lastKnownFileType = audio.wav; path = "2017英雄联盟全球总决赛主题曲.wav"; sourceTree = "<group>"; };
		C9A501AB2044FAAA005553F4 /* Teemo迅捷斥候-提莫.wav */ = {isa = PBXFileReference; lastKnownFileType = audio.wav; path = "Teemo迅捷斥候-提莫.wav"; sourceTree = "<group>"; };
		C9A501AC2044FAAA005553F4 /* 英雄联盟的姑娘们.wav */ = {isa = PBXFileReference; lastKnownFileType = audio.wav; path = "英雄联盟的姑娘们.wav"; sourceTree = "<group>"; };
		C9A501AD2044FAAB005553F4 /* 英雄联盟.wav */ = {isa = PBXFileReference; lastKnownFileType = audio.wav; path = "英雄联盟.wav"; sourceTree = "<group>"; };
		C9A501B62044FABC005553F4 /* 哆啦a梦.wav */ = {isa = PBXFileReference; lastKnownFileType = audio.wav; path = "哆啦a梦.wav"; sourceTree = "<group>"; };
		C9A501B72044FABC005553F4 /* 哆啦A梦伴我同行.wav */ = {isa = PBXFileReference; lastKnownFileType = audio.wav; path = "哆啦A梦伴我同行.wav"; sourceTree = "<group>"; };
		C9A501B82044FABC005553F4 /* ひまわりの約束.wav */ = {isa = PBXFileReference; lastKnownFileType = audio.wav; path = "ひまわりの約束.wav"; sourceTree = "<group>"; };
		C9A501B92044FABD005553F4 /* 夏川りみ - ハグしちゃお.wav */ = {isa = PBXFileReference; lastKnownFileType = audio.wav; path = "夏川りみ - ハグしちゃお.wav"; sourceTree = "<group>"; };
		C9A501BA2044FABD005553F4 /* 夢をかなえてドラえもん.wav */ = {isa = PBXFileReference; lastKnownFileType = audio.wav; path = "夢をかなえてドラえもん.wav"; sourceTree = "<group>"; };
		C9A501BB2044FABD005553F4 /* ドラえも～ん！.wav */ = {isa = PBXFileReference; lastKnownFileType = audio.wav; path = "ドラえも～ん！.wav"; sourceTree = "<group>"; };
		C9A501C22044FACF005553F4 /* 煌めく瞬间 (とき) に捕らわれて.wav */ = {isa = PBXFileReference; lastKnownFileType = audio.wav; path = "煌めく瞬间 (とき) に捕らわれて.wav"; sourceTree = "<group>"; };
		C9A501C32044FACF005553F4 /* 世界が终わるまでは.wav */ = {isa = PBXFileReference; lastKnownFileType = audio.wav; path = "世界が终わるまでは.wav"; sourceTree = "<group>"; };
		C9A501C42044FACF005553F4 /* あなただけ見つめてる.wav */ = {isa = PBXFileReference; lastKnownFileType = audio.wav; path = "あなただけ見つめてる.wav"; sourceTree = "<group>"; };
		C9A501C52044FACF005553F4 /* 君が好きだと叫びたい.wav */ = {isa = PBXFileReference; lastKnownFileType = audio.wav; path = "君が好きだと叫びたい.wav"; sourceTree = "<group>"; };
		C9A501CA2044FADF005553F4 /* Dear friends.wav */ = {isa = PBXFileReference; lastKnownFileType = audio.wav; path = "Dear friends.wav"; sourceTree = "<group>"; };
		C9A501CB2044FAE0005553F4 /* BRAND NEW WORLD.wav */ = {isa = PBXFileReference; lastKnownFileType = audio.wav; path = "BRAND NEW WORLD.wav"; sourceTree = "<group>"; };
		C9A501CE2044FAEF005553F4 /* FLOW - Sign.wav */ = {isa = PBXFileReference; lastKnownFileType = audio.wav; path = "FLOW - Sign.wav"; sourceTree = "<group>"; };
		C9A501CF2044FAEF005553F4 /* Hearts Grow - ユラユラ.wav */ = {isa = PBXFileReference; lastKnownFileType = audio.wav; path = "Hearts Grow - ユラユラ.wav"; sourceTree = "<group>"; };
		C9A501D22044FAFB005553F4 /* 名探偵コナン」~メインテーマ.wav */ = {isa = PBXFileReference; lastKnownFileType = audio.wav; path = "名探偵コナン」~メインテーマ.wav"; sourceTree = "<group>"; };
		C9A501D32044FAFB005553F4 /* ↑THE HIGH-LOWS↓ - 胸がドキドキ.wav */ = {isa = PBXFileReference; lastKnownFileType = audio.wav; path = "↑THE HIGH-LOWS↓ - 胸がドキドキ.wav"; sourceTree = "<group>"; };
		C9A501D42044FAFB005553F4 /* CHICAGO POODLE - 君の笑顔がなによりも好きだった.wav */ = {isa = PBXFileReference; lastKnownFileType = audio.wav; path = "CHICAGO POODLE - 君の笑顔がなによりも好きだった.wav"; sourceTree = "<group>"; };
		C9A501D52044FAFB005553F4 /* Lie, Lie, Lie.wav */ = {isa = PBXFileReference; lastKnownFileType = audio.wav; path = "Lie, Lie, Lie.wav"; sourceTree = "<group>"; };
		C9A501DA2044FB09005553F4 /* 大原櫻子 - おどるポンポコリン 00_00_12-00_00_41.44(New1).wav */ = {isa = PBXFileReference; lastKnownFileType = audio.wav; path = "大原櫻子 - おどるポンポコリン 00_00_12-00_00_41.44(New1).wav"; sourceTree = "<group>"; };
		C9A501DB2044FB0A005553F4 /* 水谷優子,山本圭子,渡辺菜生子 - あっけにとられた时のうた~出演者ヴァージョン 00_00_00-00_00_29(New1).wav */ = {isa = PBXFileReference; lastKnownFileType = audio.wav; path = "水谷優子,山本圭子,渡辺菜生子 - あっけにとられた时のうた~出演者ヴァージョン 00_00_00-00_00_29(New1).wav"; sourceTree = "<group>"; };
		C9A501DE2044FB1E005553F4 /* 校长你什么时候装空调啊？.wav */ = {isa = PBXFileReference; lastKnownFileType = audio.wav; path = "校长你什么时候装空调啊？.wav"; sourceTree = "<group>"; };
		C9A501DF2044FB1E005553F4 /* 曾小贤魔性笑声第二弹.wav */ = {isa = PBXFileReference; lastKnownFileType = audio.wav; path = "曾小贤魔性笑声第二弹.wav"; sourceTree = "<group>"; };
		C9A501E02044FB1F005553F4 /* 鬼畜弟弟第二版.wav */ = {isa = PBXFileReference; lastKnownFileType = audio.wav; path = "鬼畜弟弟第二版.wav"; sourceTree = "<group>"; };
		C9A501E12044FB1F005553F4 /* 元首nobody.wav */ = {isa = PBXFileReference; lastKnownFileType = audio.wav; path = "元首nobody.wav"; sourceTree = "<group>"; };
		C9A501E22044FB20005553F4 /* 【全明星】刘备为何开枪打死曹操.wav */ = {isa = PBXFileReference; lastKnownFileType = audio.wav; path = "【全明星】刘备为何开枪打死曹操.wav"; sourceTree = "<group>"; };
		C9A501E32044FB21005553F4 /* 浙江温州江南皮革厂倒闭了.wav */ = {isa = PBXFileReference; lastKnownFileType = audio.wav; path = "浙江温州江南皮革厂倒闭了.wav"; sourceTree = "<group>"; };
		C9A501E42044FB22005553F4 /* Are You OK.wav */ = {isa = PBXFileReference; lastKnownFileType = audio.wav; path = "Are You OK.wav"; sourceTree = "<group>"; };
		C9A501E52044FB23005553F4 /* 我居然鬼畜了弟弟（第一版）.wav */ = {isa = PBXFileReference; lastKnownFileType = audio.wav; path = "我居然鬼畜了弟弟（第一版）.wav"; sourceTree = "<group>"; };
		C9A501E62044FB24005553F4 /* 挖掘机技术哪家强？.wav */ = {isa = PBXFileReference; lastKnownFileType = audio.wav; path = "挖掘机技术哪家强？.wav"; sourceTree = "<group>"; };
		C9A501F02044FB30005553F4 /* 看我五五开.wav */ = {isa = PBXFileReference; lastKnownFileType = audio.wav; path = "看我五五开.wav"; sourceTree = "<group>"; };
		C9A501F12044FB30005553F4 /* 我是全英雄联盟最骚的骚猪.wav */ = {isa = PBXFileReference; lastKnownFileType = audio.wav; path = "我是全英雄联盟最骚的骚猪.wav"; sourceTree = "<group>"; };
		C9A501F22044FB31005553F4 /* 骚猪大战五五开.wav */ = {isa = PBXFileReference; lastKnownFileType = audio.wav; path = "骚猪大战五五开.wav"; sourceTree = "<group>"; };
		C9A501F32044FB31005553F4 /* 我是世界上最优良的中二杀神.wav */ = {isa = PBXFileReference; lastKnownFileType = audio.wav; path = "我是世界上最优良的中二杀神.wav"; sourceTree = "<group>"; };
		C9A501F42044FB32005553F4 /* 笑笑没头发.wav */ = {isa = PBXFileReference; lastKnownFileType = audio.wav; path = "笑笑没头发.wav"; sourceTree = "<group>"; };
		C9A501F52044FB32005553F4 /* 金牌鬼畜讲师热唱马大侠.wav */ = {isa = PBXFileReference; lastKnownFileType = audio.wav; path = "金牌鬼畜讲师热唱马大侠.wav"; sourceTree = "<group>"; };
		C9A501FC2044FB9B005553F4 /* music.plist */ = {isa = PBXFileReference; lastKnownFileType = text.plist.xml; path = music.plist; sourceTree = "<group>"; };
		C9A501FE2045028A005553F4 /* musickey.plist */ = {isa = PBXFileReference; lastKnownFileType = text.plist.xml; path = musickey.plist; sourceTree = "<group>"; };
		C9A5020020450464005553F4 /* 动物园.wav */ = {isa = PBXFileReference; lastKnownFileType = audio.wav; path = "动物园.wav"; sourceTree = "<group>"; };
		C9A5020220453B06005553F4 /* JCTimePickerView.h */ = {isa = PBXFileReference; lastKnownFileType = sourcecode.c.h; path = JCTimePickerView.h; sourceTree = "<group>"; };
		C9A5020320453B06005553F4 /* JCTimePickerView.m */ = {isa = PBXFileReference; lastKnownFileType = sourcecode.c.objc; path = JCTimePickerView.m; sourceTree = "<group>"; };
		C9A5020520453CBA005553F4 /* JCTipSelectView.h */ = {isa = PBXFileReference; lastKnownFileType = sourcecode.c.h; path = JCTipSelectView.h; sourceTree = "<group>"; };
		C9A5020620453CBA005553F4 /* JCTipSelectView.m */ = {isa = PBXFileReference; lastKnownFileType = sourcecode.c.objc; path = JCTipSelectView.m; sourceTree = "<group>"; };
		C9A5020820453DAE005553F4 /* JCRepeatSelectView.h */ = {isa = PBXFileReference; lastKnownFileType = sourcecode.c.h; path = JCRepeatSelectView.h; sourceTree = "<group>"; };
		C9A5020920453DAE005553F4 /* JCRepeatSelectView.m */ = {isa = PBXFileReference; lastKnownFileType = sourcecode.c.objc; path = JCRepeatSelectView.m; sourceTree = "<group>"; };
		C9A5020B20453E3A005553F4 /* JCBellSelctView.h */ = {isa = PBXFileReference; lastKnownFileType = sourcecode.c.h; path = JCBellSelctView.h; sourceTree = "<group>"; };
		C9A5020C20453E3A005553F4 /* JCBellSelctView.m */ = {isa = PBXFileReference; lastKnownFileType = sourcecode.c.objc; path = JCBellSelctView.m; sourceTree = "<group>"; };
		C9A5020E20453EA7005553F4 /* JCVibrationSelectView.h */ = {isa = PBXFileReference; lastKnownFileType = sourcecode.c.h; path = JCVibrationSelectView.h; sourceTree = "<group>"; };
		C9A5020F20453EA7005553F4 /* JCVibrationSelectView.m */ = {isa = PBXFileReference; lastKnownFileType = sourcecode.c.objc; path = JCVibrationSelectView.m; sourceTree = "<group>"; };
		C9A50211204547AB005553F4 /* JCBellTableViewCell.h */ = {isa = PBXFileReference; lastKnownFileType = sourcecode.c.h; path = JCBellTableViewCell.h; sourceTree = "<group>"; };
		C9A50212204547AB005553F4 /* JCBellTableViewCell.m */ = {isa = PBXFileReference; lastKnownFileType = sourcecode.c.objc; path = JCBellTableViewCell.m; sourceTree = "<group>"; };
		C9A50214204644CB005553F4 /* JCBellHeaderView.h */ = {isa = PBXFileReference; lastKnownFileType = sourcecode.c.h; path = JCBellHeaderView.h; sourceTree = "<group>"; };
		C9A50215204644CB005553F4 /* JCBellHeaderView.m */ = {isa = PBXFileReference; lastKnownFileType = sourcecode.c.objc; path = JCBellHeaderView.m; sourceTree = "<group>"; };
		CCFB5FDBD27DC23105824682 /* Pods-HeartAlarmClock.debug.xcconfig */ = {isa = PBXFileReference; includeInIndex = 1; lastKnownFileType = text.xcconfig; name = "Pods-HeartAlarmClock.debug.xcconfig"; path = "Pods/Target Support Files/Pods-HeartAlarmClock/Pods-HeartAlarmClock.debug.xcconfig"; sourceTree = "<group>"; };
/* End PBXFileReference section */

/* Begin PBXFrameworksBuildPhase section */
		C9174017200DE85D00145E8D /* Frameworks */ = {
			isa = PBXFrameworksBuildPhase;
			buildActionMask = 2147483647;
			files = (
				E360F908029386C27FA83675 /* libPods-HeartAlarmClock.a in Frameworks */,
			);
			runOnlyForDeploymentPostprocessing = 0;
		};
		C917402F200DE85D00145E8D /* Frameworks */ = {
			isa = PBXFrameworksBuildPhase;
			buildActionMask = 2147483647;
			files = (
			);
			runOnlyForDeploymentPostprocessing = 0;
		};
		C917403A200DE85D00145E8D /* Frameworks */ = {
			isa = PBXFrameworksBuildPhase;
			buildActionMask = 2147483647;
			files = (
			);
			runOnlyForDeploymentPostprocessing = 0;
		};
/* End PBXFrameworksBuildPhase section */

/* Begin PBXGroup section */
		25C1A116F33D2B3D0505ABB9 /* Pods */ = {
			isa = PBXGroup;
			children = (
				CCFB5FDBD27DC23105824682 /* Pods-HeartAlarmClock.debug.xcconfig */,
				01EBB5A7A1C146495AFDE50E /* Pods-HeartAlarmClock.release.xcconfig */,
			);
			name = Pods;
			sourceTree = "<group>";
		};
		48D63C1EA65BE27D44F9AC3D /* Frameworks */ = {
			isa = PBXGroup;
			children = (
				4A1D57E124BB2950A048E6FD /* libPods-HeartAlarmClock.a */,
			);
			name = Frameworks;
			sourceTree = "<group>";
		};
		C9174011200DE85D00145E8D = {
			isa = PBXGroup;
			children = (
				C917401C200DE85D00145E8D /* HeartAlarmClock */,
				C9174035200DE85D00145E8D /* HeartAlarmClockTests */,
				C9174040200DE85D00145E8D /* HeartAlarmClockUITests */,
				C917401B200DE85D00145E8D /* Products */,
				25C1A116F33D2B3D0505ABB9 /* Pods */,
				48D63C1EA65BE27D44F9AC3D /* Frameworks */,
			);
			sourceTree = "<group>";
		};
		C917401B200DE85D00145E8D /* Products */ = {
			isa = PBXGroup;
			children = (
				C917401A200DE85D00145E8D /* HeartAlarmClock.app */,
				C9174032200DE85D00145E8D /* HeartAlarmClockTests.xctest */,
				C917403D200DE85D00145E8D /* HeartAlarmClockUITests.xctest */,
			);
			name = Products;
			sourceTree = "<group>";
		};
		C917401C200DE85D00145E8D /* HeartAlarmClock */ = {
			isa = PBXGroup;
			children = (
				C9174055200DF24700145E8D /* AppDelegate */,
				C9174077200DFCE000145E8D /* Categories */,
				C9174060200DF8E200145E8D /* Base */,
				C917404F200DF24700145E8D /* Helper */,
				C9174051200DF24700145E8D /* Home */,
				C9174058200DF24800145E8D /* Mine */,
				C9174050200DF24700145E8D /* Vendor */,
				C9A501972044FA55005553F4 /* Resource */,
				C9174026200DE85D00145E8D /* Assets.xcassets */,
				C917402B200DE85D00145E8D /* Info.plist */,
				C9A501FC2044FB9B005553F4 /* music.plist */,
				C9A501FE2045028A005553F4 /* musickey.plist */,
				C917402C200DE85D00145E8D /* main.m */,
				C9174061200DF9E100145E8D /* HeartAlarmClockPrefixHeader.pch */,
			);
			path = HeartAlarmClock;
			sourceTree = "<group>";
		};
		C9174035200DE85D00145E8D /* HeartAlarmClockTests */ = {
			isa = PBXGroup;
			children = (
				C9174036200DE85D00145E8D /* HeartAlarmClockTests.m */,
				C9174038200DE85D00145E8D /* Info.plist */,
			);
			path = HeartAlarmClockTests;
			sourceTree = "<group>";
		};
		C9174040200DE85D00145E8D /* HeartAlarmClockUITests */ = {
			isa = PBXGroup;
			children = (
				C9174041200DE85D00145E8D /* HeartAlarmClockUITests.m */,
				C9174043200DE85D00145E8D /* Info.plist */,
			);
			path = HeartAlarmClockUITests;
			sourceTree = "<group>";
		};
		C917404F200DF24700145E8D /* Helper */ = {
			isa = PBXGroup;
			children = (
				C91740C9200DFDEA00145E8D /* JCEnumType.h */,
				C91740C7200DFDC100145E8D /* ToolsHelper.h */,
				C91740C6200DFDC100145E8D /* ToolsHelper.m */,
				C91740D4200E002C00145E8D /* AppScene.h */,
				C91740D5200E002C00145E8D /* AppScene.m */,
				C91740D6200E002C00145E8D /* AppTheme.h */,
				C91740D7200E002C00145E8D /* AppTheme.m */,
			);
			path = Helper;
			sourceTree = "<group>";
		};
		C9174050200DF24700145E8D /* Vendor */ = {
			isa = PBXGroup;
			children = (
				C91740BC200DFD6E00145E8D /* Macro */,
				C91740B2200DFD6E00145E8D /* NavgationItem */,
				C91740B7200DFD6E00145E8D /* OMGToast */,
			);
			path = Vendor;
			sourceTree = "<group>";
		};
		C9174051200DF24700145E8D /* Home */ = {
			isa = PBXGroup;
			children = (
				C9174052200DF24700145E8D /* Controller */,
				C9174053200DF24700145E8D /* Model */,
				C9174054200DF24700145E8D /* View */,
			);
			path = Home;
			sourceTree = "<group>";
		};
		C9174052200DF24700145E8D /* Controller */ = {
			isa = PBXGroup;
			children = (
				C917405D200DF26000145E8D /* HomeViewController.h */,
				C917405E200DF26000145E8D /* HomeViewController.m */,
			);
			path = Controller;
			sourceTree = "<group>";
		};
		C9174053200DF24700145E8D /* Model */ = {
			isa = PBXGroup;
			children = (
				C92D956920171F7B00F21721 /* EvaluateRemindModel.h */,
				C92D956820171F7B00F21721 /* EvaluateRemindModel.m */,
				C92D956B2018282B00F21721 /* EvaluateRemindManger.h */,
				C92D956C2018282B00F21721 /* EvaluateRemindManger.m */,
			);
			path = Model;
			sourceTree = "<group>";
		};
		C9174054200DF24700145E8D /* View */ = {
			isa = PBXGroup;
			children = (
				C917E50820196EE10038F8A1 /* JCRemindTableViewCell.h */,
				C917E50920196EE10038F8A1 /* JCRemindTableViewCell.m */,
			);
			path = View;
			sourceTree = "<group>";
		};
		C9174055200DF24700145E8D /* AppDelegate */ = {
			isa = PBXGroup;
			children = (
				C9174056200DF24700145E8D /* AppDelegate.h */,
				C9174057200DF24700145E8D /* AppDelegate.m */,
			);
			path = AppDelegate;
			sourceTree = "<group>";
		};
		C9174058200DF24800145E8D /* Mine */ = {
			isa = PBXGroup;
			children = (
				C9174059200DF24800145E8D /* Controller */,
				C917405A200DF24800145E8D /* Model */,
				C917405B200DF24800145E8D /* View */,
			);
			path = Mine;
			sourceTree = "<group>";
		};
		C9174059200DF24800145E8D /* Controller */ = {
			isa = PBXGroup;
			children = (
				C917E4F0201863320038F8A1 /* SettingViewController.h */,
				C917E4F1201863320038F8A1 /* SettingViewController.m */,
				C917E4F3201863630038F8A1 /* ClockSettingViewController.h */,
				C917E4F4201863630038F8A1 /* ClockSettingViewController.m */,
				C917E4F9201863A30038F8A1 /* BellSettingViewController.h */,
				C917E4FA201863A30038F8A1 /* BellSettingViewController.m */,
				C917E5022018647C0038F8A1 /* BellRecordingViewController.h */,
				C917E5032018647C0038F8A1 /* BellRecordingViewController.m */,
				C917E4FC201863B90038F8A1 /* AboutusViewController.h */,
				C917E4FD201863B90038F8A1 /* AboutusViewController.m */,
				C917E4FF201864380038F8A1 /* WallpaperViewController.h */,
				C917E500201864380038F8A1 /* WallpaperViewController.m */,
			);
			path = Controller;
			sourceTree = "<group>";
		};
		C917405A200DF24800145E8D /* Model */ = {
			isa = PBXGroup;
			children = (
			);
			path = Model;
			sourceTree = "<group>";
		};
		C917405B200DF24800145E8D /* View */ = {
			isa = PBXGroup;
			children = (
				C917E505201899F10038F8A1 /* JCShareView.h */,
				C917E506201899F10038F8A1 /* JCShareView.m */,
				C9A5020220453B06005553F4 /* JCTimePickerView.h */,
				C9A5020320453B06005553F4 /* JCTimePickerView.m */,
				C9A5020520453CBA005553F4 /* JCTipSelectView.h */,
				C9A5020620453CBA005553F4 /* JCTipSelectView.m */,
				C9A5020820453DAE005553F4 /* JCRepeatSelectView.h */,
				C9A5020920453DAE005553F4 /* JCRepeatSelectView.m */,
				C9A5020B20453E3A005553F4 /* JCBellSelctView.h */,
				C9A5020C20453E3A005553F4 /* JCBellSelctView.m */,
				C9A5020E20453EA7005553F4 /* JCVibrationSelectView.h */,
				C9A5020F20453EA7005553F4 /* JCVibrationSelectView.m */,
				C9A50211204547AB005553F4 /* JCBellTableViewCell.h */,
				C9A50212204547AB005553F4 /* JCBellTableViewCell.m */,
				C9A50214204644CB005553F4 /* JCBellHeaderView.h */,
				C9A50215204644CB005553F4 /* JCBellHeaderView.m */,
			);
			path = View;
			sourceTree = "<group>";
		};
		C9174060200DF8E200145E8D /* Base */ = {
			isa = PBXGroup;
			children = (
				C9174064200DFBFA00145E8D /* BaseNavigationController.h */,
				C9174062200DFBF900145E8D /* BaseNavigationController.m */,
				C917406E200DFBFB00145E8D /* BaseTabbarController.h */,
				C9174069200DFBFA00145E8D /* BaseTabbarController.m */,
				C917406F200DFBFB00145E8D /* BaseViewController.h */,
				C917406A200DFBFA00145E8D /* BaseViewController.m */,
				C917406D200DFBFA00145E8D /* BaseWebViewController.h */,
				C9174067200DFBFA00145E8D /* BaseWebViewController.m */,
				C9174063200DFBFA00145E8D /* MainTabBarController.h */,
				C9174066200DFBFA00145E8D /* MainTabBarController.m */,
				C9174065200DFBFA00145E8D /* XLJSHandler.h */,
				C917406C200DFBFA00145E8D /* XLJSHandler.m */,
				C9174068200DFBFA00145E8D /* XLWebViewController.h */,
				C917406B200DFBFA00145E8D /* XLWebViewController.m */,
				C91740CB200DFE4600145E8D /* YPTransition.h */,
				C91740CA200DFE4600145E8D /* YPTransition.m */,
				C91740CC200DFE4600145E8D /* YPTransitionProtocol.h */,
				C91740D0200DFEBE00145E8D /* TKFooterView.h */,
				C91740CE200DFEBE00145E8D /* TKFooterView.m */,
				C91740CF200DFEBE00145E8D /* TKHeaderView.h */,
				C91740D1200DFEBF00145E8D /* TKHeaderView.m */,
				C91740DA200E022900145E8D /* HEBubbleView.h */,
				C91740DB200E022A00145E8D /* HEBubbleView.m */,
			);
			path = Base;
			sourceTree = "<group>";
		};
		C9174077200DFCE000145E8D /* Categories */ = {
			isa = PBXGroup;
			children = (
				C9174078200DFCE000145E8D /* BaseViewController+NavigationBar.h */,
				C9174079200DFCE000145E8D /* BaseViewController+NavigationBar.m */,
				C917407A200DFCE000145E8D /* Categories.h */,
				C917407B200DFCE000145E8D /* MBProgressHUD+Extension.h */,
				C917407C200DFCE000145E8D /* MBProgressHUD+Extension.m */,
				C917407D200DFCE000145E8D /* NSBundle+Language.h */,
				C917407E200DFCE000145E8D /* NSBundle+Language.m */,
				C917407F200DFCE000145E8D /* NSDate+Extension.h */,
				C9174080200DFCE000145E8D /* NSDate+Extension.m */,
				C9174081200DFCE000145E8D /* NSDictionary+Extension.h */,
				C9174082200DFCE000145E8D /* NSDictionary+Extension.m */,
				C9174083200DFCE000145E8D /* NSObject+Extension.h */,
				C9174084200DFCE000145E8D /* NSObject+Extension.m */,
				C9174085200DFCE000145E8D /* NSString+Extension.h */,
				C9174086200DFCE000145E8D /* NSString+Extension.m */,
				C9174087200DFCE000145E8D /* NSString+JCAttributedString.h */,
				C9174088200DFCE000145E8D /* NSString+JCAttributedString.m */,
				C9174089200DFCE000145E8D /* UIBezierPath+curved.h */,
				C917408A200DFCE000145E8D /* UIBezierPath+curved.m */,
				C917408B200DFCE000145E8D /* UIButton+Extension.h */,
				C917408C200DFCE000145E8D /* UIButton+Extension.m */,
				C917408D200DFCE000145E8D /* UICollectionView+Extension.h */,
				C917408E200DFCE000145E8D /* UICollectionView+Extension.m */,
				C917408F200DFCE000145E8D /* UIColor+Extension.h */,
				C9174090200DFCE000145E8D /* UIColor+Extension.m */,
				C9174091200DFCE000145E8D /* UIFont+Extension.h */,
				C9174092200DFCE000145E8D /* UIFont+Extension.m */,
				C9174093200DFCE000145E8D /* UIImage+Extension.h */,
				C9174094200DFCE000145E8D /* UIImage+Extension.m */,
				C9174095200DFCE000145E8D /* UIImage+Gif.h */,
				C9174096200DFCE000145E8D /* UIImage+Gif.m */,
				C9174097200DFCE000145E8D /* UITableView+Extension.h */,
				C9174098200DFCE000145E8D /* UITableView+Extension.m */,
				C9174099200DFCE000145E8D /* UITextField+HEFormatter.h */,
				C917409A200DFCE000145E8D /* UITextField+HEFormatter.m */,
				C917409B200DFCE000145E8D /* UIView+Creation.h */,
				C917409C200DFCE000145E8D /* UIView+Creation.m */,
				C917409D200DFCE000145E8D /* UIView+Extension.h */,
				C917409E200DFCE000145E8D /* UIView+Extension.m */,
			);
			path = Categories;
			sourceTree = "<group>";
		};
		C91740B2200DFD6E00145E8D /* NavgationItem */ = {
			isa = PBXGroup;
			children = (
				C91740B3200DFD6E00145E8D /* BarButtonItem.h */,
				C91740B4200DFD6E00145E8D /* BarButtonItem.m */,
				C91740B5200DFD6E00145E8D /* NavigationBar.h */,
				C91740B6200DFD6E00145E8D /* NavigationBar.m */,
			);
			path = NavgationItem;
			sourceTree = "<group>";
		};
		C91740B7200DFD6E00145E8D /* OMGToast */ = {
			isa = PBXGroup;
			children = (
				C91740B8200DFD6E00145E8D /* OMGToast.h */,
				C91740B9200DFD6E00145E8D /* OMGToast.mm */,
				C91740BA200DFD6E00145E8D /* OMGToastShow.h */,
				C91740BB200DFD6E00145E8D /* OMGToastShow.m */,
			);
			path = OMGToast;
			sourceTree = "<group>";
		};
		C91740BC200DFD6E00145E8D /* Macro */ = {
			isa = PBXGroup;
			children = (
				C91740BD200DFD6E00145E8D /* CommonMacros.h */,
				C91740BE200DFD6E00145E8D /* FontAndColorMacros.h */,
				C91740BF200DFD6E00145E8D /* JCMacro.h */,
				C91740C0200DFD6E00145E8D /* Macro.h */,
				C91740C1200DFD6E00145E8D /* UtilsMacros.h */,
			);
			path = Macro;
			sourceTree = "<group>";
		};
		C9A501972044FA55005553F4 /* Resource */ = {
			isa = PBXGroup;
			children = (
				C9A501982044FA84005553F4 /* 斗地主~.wav */,
				C9A5019B2044FA85005553F4 /* Normal 2.wav */,
				C9A501992044FA84005553F4 /* Normal 3.wav */,
				C9A5019A2044FA85005553F4 /* Welcome 1.wav */,
				C9A501A12044FA95005553F4 /* 【稳住别浪】.wav */,
				C9A501A22044FA96005553F4 /* 来一口炸裂的农药吧.wav */,
				C9A501A02044FA95005553F4 /* 王者荣耀英雄台词版.wav */,
				C9A501A62044FAA8005553F4 /* 《啦啦啦德玛西亚》主题曲.wav */,
				C9A501A92044FAA9005553F4 /* 《啦啦啦德玛西亚第四季超神学院》插曲.wav */,
				C9A501AA2044FAAA005553F4 /* 2017英雄联盟全球总决赛主题曲.wav */,
				C9A501A72044FAA9005553F4 /* 亚索台词版.wav */,
				C9A501AD2044FAAB005553F4 /* 英雄联盟.wav */,
				C9A501AC2044FAAA005553F4 /* 英雄联盟的姑娘们.wav */,
				C9A501A82044FAA9005553F4 /* Legends Never Die.wav */,
				C9A501AB2044FAAA005553F4 /* Teemo迅捷斥候-提莫.wav */,
				C9A501B62044FABC005553F4 /* 哆啦a梦.wav */,
				C9A501B72044FABC005553F4 /* 哆啦A梦伴我同行.wav */,
				C9A501BA2044FABD005553F4 /* 夢をかなえてドラえもん.wav */,
				C9A501B92044FABD005553F4 /* 夏川りみ - ハグしちゃお.wav */,
				C9A501BB2044FABD005553F4 /* ドラえも～ん！.wav */,
				C9A501B82044FABC005553F4 /* ひまわりの約束.wav */,
				C9A501C22044FACF005553F4 /* 煌めく瞬间 (とき) に捕らわれて.wav */,
				C9A501C52044FACF005553F4 /* 君が好きだと叫びたい.wav */,
				C9A501C32044FACF005553F4 /* 世界が终わるまでは.wav */,
				C9A501C42044FACF005553F4 /* あなただけ見つめてる.wav */,
				C9A501CB2044FAE0005553F4 /* BRAND NEW WORLD.wav */,
				C9A501CA2044FADF005553F4 /* Dear friends.wav */,
				C9A501CE2044FAEF005553F4 /* FLOW - Sign.wav */,
				C9A501CF2044FAEF005553F4 /* Hearts Grow - ユラユラ.wav */,
				C9A501D32044FAFB005553F4 /* ↑THE HIGH-LOWS↓ - 胸がドキドキ.wav */,
				C9A501D22044FAFB005553F4 /* 名探偵コナン」~メインテーマ.wav */,
				C9A501D42044FAFB005553F4 /* CHICAGO POODLE - 君の笑顔がなによりも好きだった.wav */,
				C9A501D52044FAFB005553F4 /* Lie, Lie, Lie.wav */,
				C9A501DA2044FB09005553F4 /* 大原櫻子 - おどるポンポコリン 00_00_12-00_00_41.44(New1).wav */,
				C9A501DB2044FB0A005553F4 /* 水谷優子,山本圭子,渡辺菜生子 - あっけにとられた时のうた~出演者ヴァージョン 00_00_00-00_00_29(New1).wav */,
				C9A501E22044FB20005553F4 /* 【全明星】刘备为何开枪打死曹操.wav */,
				C9A501DF2044FB1E005553F4 /* 曾小贤魔性笑声第二弹.wav */,
				C9A501E02044FB1F005553F4 /* 鬼畜弟弟第二版.wav */,
				C9A501E62044FB24005553F4 /* 挖掘机技术哪家强？.wav */,
				C9A501E52044FB23005553F4 /* 我居然鬼畜了弟弟（第一版）.wav */,
				C9A501DE2044FB1E005553F4 /* 校长你什么时候装空调啊？.wav */,
				C9A501E12044FB1F005553F4 /* 元首nobody.wav */,
				C9A501E32044FB21005553F4 /* 浙江温州江南皮革厂倒闭了.wav */,
				C9A501E42044FB22005553F4 /* Are You OK.wav */,
				C9A501F52044FB32005553F4 /* 金牌鬼畜讲师热唱马大侠.wav */,
				C9A501F02044FB30005553F4 /* 看我五五开.wav */,
				C9A501F22044FB31005553F4 /* 骚猪大战五五开.wav */,
				C9A501F12044FB30005553F4 /* 我是全英雄联盟最骚的骚猪.wav */,
				C9A501F32044FB31005553F4 /* 我是世界上最优良的中二杀神.wav */,
				C9A501F42044FB32005553F4 /* 笑笑没头发.wav */,
				C9A5020020450464005553F4 /* 动物园.wav */,
			);
			path = Resource;
			sourceTree = "<group>";
		};
/* End PBXGroup section */

/* Begin PBXNativeTarget section */
		C9174019200DE85D00145E8D /* HeartAlarmClock */ = {
			isa = PBXNativeTarget;
			buildConfigurationList = C9174046200DE85D00145E8D /* Build configuration list for PBXNativeTarget "HeartAlarmClock" */;
			buildPhases = (
				742D7D11D223B71BFA698D2D /* [CP] Check Pods Manifest.lock */,
				C9174016200DE85D00145E8D /* Sources */,
				C9174017200DE85D00145E8D /* Frameworks */,
				C9174018200DE85D00145E8D /* Resources */,
				CD134DCE8AFCA210663CA40E /* [CP] Embed Pods Frameworks */,
				B82F18A8DABDABB92A47F75B /* [CP] Copy Pods Resources */,
			);
			buildRules = (
			);
			dependencies = (
			);
			name = HeartAlarmClock;
			productName = HeartAlarmClock;
			productReference = C917401A200DE85D00145E8D /* HeartAlarmClock.app */;
			productType = "com.apple.product-type.application";
		};
		C9174031200DE85D00145E8D /* HeartAlarmClockTests */ = {
			isa = PBXNativeTarget;
			buildConfigurationList = C9174049200DE85D00145E8D /* Build configuration list for PBXNativeTarget "HeartAlarmClockTests" */;
			buildPhases = (
				C917402E200DE85D00145E8D /* Sources */,
				C917402F200DE85D00145E8D /* Frameworks */,
				C9174030200DE85D00145E8D /* Resources */,
			);
			buildRules = (
			);
			dependencies = (
				C9174034200DE85D00145E8D /* PBXTargetDependency */,
			);
			name = HeartAlarmClockTests;
			productName = HeartAlarmClockTests;
			productReference = C9174032200DE85D00145E8D /* HeartAlarmClockTests.xctest */;
			productType = "com.apple.product-type.bundle.unit-test";
		};
		C917403C200DE85D00145E8D /* HeartAlarmClockUITests */ = {
			isa = PBXNativeTarget;
			buildConfigurationList = C917404C200DE85D00145E8D /* Build configuration list for PBXNativeTarget "HeartAlarmClockUITests" */;
			buildPhases = (
				C9174039200DE85D00145E8D /* Sources */,
				C917403A200DE85D00145E8D /* Frameworks */,
				C917403B200DE85D00145E8D /* Resources */,
			);
			buildRules = (
			);
			dependencies = (
				C917403F200DE85D00145E8D /* PBXTargetDependency */,
			);
			name = HeartAlarmClockUITests;
			productName = HeartAlarmClockUITests;
			productReference = C917403D200DE85D00145E8D /* HeartAlarmClockUITests.xctest */;
			productType = "com.apple.product-type.bundle.ui-testing";
		};
/* End PBXNativeTarget section */

/* Begin PBXProject section */
		C9174012200DE85D00145E8D /* Project object */ = {
			isa = PBXProject;
			attributes = {
				LastUpgradeCheck = 0920;
				ORGANIZATIONNAME = xingjian;
				TargetAttributes = {
					C9174019200DE85D00145E8D = {
						CreatedOnToolsVersion = 9.2;
						ProvisioningStyle = Automatic;
					};
					C9174031200DE85D00145E8D = {
						CreatedOnToolsVersion = 9.2;
						ProvisioningStyle = Automatic;
						TestTargetID = C9174019200DE85D00145E8D;
					};
					C917403C200DE85D00145E8D = {
						CreatedOnToolsVersion = 9.2;
						ProvisioningStyle = Automatic;
						TestTargetID = C9174019200DE85D00145E8D;
					};
				};
			};
			buildConfigurationList = C9174015200DE85D00145E8D /* Build configuration list for PBXProject "HeartAlarmClock" */;
			compatibilityVersion = "Xcode 8.0";
			developmentRegion = en;
			hasScannedForEncodings = 0;
			knownRegions = (
				en,
				Base,
			);
			mainGroup = C9174011200DE85D00145E8D;
			productRefGroup = C917401B200DE85D00145E8D /* Products */;
			projectDirPath = "";
			projectRoot = "";
			targets = (
				C9174019200DE85D00145E8D /* HeartAlarmClock */,
				C9174031200DE85D00145E8D /* HeartAlarmClockTests */,
				C917403C200DE85D00145E8D /* HeartAlarmClockUITests */,
			);
		};
/* End PBXProject section */

/* Begin PBXResourcesBuildPhase section */
		C9174018200DE85D00145E8D /* Resources */ = {
			isa = PBXResourcesBuildPhase;
			buildActionMask = 2147483647;
			files = (
				C9A501E92044FB25005553F4 /* 鬼畜弟弟第二版.wav in Resources */,
				C9A501E82044FB25005553F4 /* 曾小贤魔性笑声第二弹.wav in Resources */,
				C9A501FD2044FB9B005553F4 /* music.plist in Resources */,
				C9A5019C2044FA85005553F4 /* 斗地主~.wav in Resources */,
				C9A501FB2044FB32005553F4 /* 金牌鬼畜讲师热唱马大侠.wav in Resources */,
				C9A501F62044FB32005553F4 /* 看我五五开.wav in Resources */,
				C9A501EB2044FB25005553F4 /* 【全明星】刘备为何开枪打死曹操.wav in Resources */,
				C9A501DD2044FB0A005553F4 /* 水谷優子,山本圭子,渡辺菜生子 - あっけにとられた时のうた~出演者ヴァージョン 00_00_00-00_00_29(New1).wav in Resources */,
				C9A501EA2044FB25005553F4 /* 元首nobody.wav in Resources */,
				C9A5020120450464005553F4 /* 动物园.wav in Resources */,
				C9A501F72044FB32005553F4 /* 我是全英雄联盟最骚的骚猪.wav in Resources */,
				C9A501D12044FAEF005553F4 /* Hearts Grow - ユラユラ.wav in Resources */,
				C9A501EC2044FB25005553F4 /* 浙江温州江南皮革厂倒闭了.wav in Resources */,
				C9A501A52044FA96005553F4 /* 来一口炸裂的农药吧.wav in Resources */,
				C9A501C12044FABE005553F4 /* ドラえも～ん！.wav in Resources */,
				C9A501B22044FAAB005553F4 /* 2017英雄联盟全球总决赛主题曲.wav in Resources */,
				C9A501B02044FAAB005553F4 /* Legends Never Die.wav in Resources */,
				C9A501C62044FAD0005553F4 /* 煌めく瞬间 (とき) に捕らわれて.wav in Resources */,
				C9174027200DE85D00145E8D /* Assets.xcassets in Resources */,
				C9A501F92044FB32005553F4 /* 我是世界上最优良的中二杀神.wav in Resources */,
				C9A501ED2044FB25005553F4 /* Are You OK.wav in Resources */,
				C9A501D62044FAFC005553F4 /* 名探偵コナン」~メインテーマ.wav in Resources */,
				C9A501F82044FB32005553F4 /* 骚猪大战五五开.wav in Resources */,
				C9A501A32044FA96005553F4 /* 王者荣耀英雄台词版.wav in Resources */,
				C9A501CC2044FAE0005553F4 /* Dear friends.wav in Resources */,
				C9A501AF2044FAAB005553F4 /* 亚索台词版.wav in Resources */,
				C9A501A42044FA96005553F4 /* 【稳住别浪】.wav in Resources */,
				C9A501E72044FB25005553F4 /* 校长你什么时候装空调啊？.wav in Resources */,
				C9A501DC2044FB0A005553F4 /* 大原櫻子 - おどるポンポコリン 00_00_12-00_00_41.44(New1).wav in Resources */,
				C9A501BE2044FABE005553F4 /* ひまわりの約束.wav in Resources */,
				C9A501BD2044FABE005553F4 /* 哆啦A梦伴我同行.wav in Resources */,
				C9A5019E2044FA85005553F4 /* Welcome 1.wav in Resources */,
				C9A501BC2044FABE005553F4 /* 哆啦a梦.wav in Resources */,
				C9A501D92044FAFC005553F4 /* Lie, Lie, Lie.wav in Resources */,
				C9A501BF2044FABE005553F4 /* 夏川りみ - ハグしちゃお.wav in Resources */,
				C9A501D82044FAFC005553F4 /* CHICAGO POODLE - 君の笑顔がなによりも好きだった.wav in Resources */,
				C9A501C82044FAD0005553F4 /* あなただけ見つめてる.wav in Resources */,
				C9A501EE2044FB25005553F4 /* 我居然鬼畜了弟弟（第一版）.wav in Resources */,
				C9A5019D2044FA85005553F4 /* Normal 3.wav in Resources */,
				C9A501B42044FAAB005553F4 /* 英雄联盟的姑娘们.wav in Resources */,
				C9A501C02044FABE005553F4 /* 夢をかなえてドラえもん.wav in Resources */,
				C9A501B32044FAAB005553F4 /* Teemo迅捷斥候-提莫.wav in Resources */,
				C9A501FA2044FB32005553F4 /* 笑笑没头发.wav in Resources */,
				C9A501D72044FAFC005553F4 /* ↑THE HIGH-LOWS↓ - 胸がドキドキ.wav in Resources */,
				C9A501B52044FAAB005553F4 /* 英雄联盟.wav in Resources */,
				C9A501B12044FAAB005553F4 /* 《啦啦啦德玛西亚第四季超神学院》插曲.wav in Resources */,
				C9A5019F2044FA85005553F4 /* Normal 2.wav in Resources */,
				C9A501D02044FAEF005553F4 /* FLOW - Sign.wav in Resources */,
				C9A501CD2044FAE0005553F4 /* BRAND NEW WORLD.wav in Resources */,
				C9A501AE2044FAAB005553F4 /* 《啦啦啦德玛西亚》主题曲.wav in Resources */,
				C9A501C72044FAD0005553F4 /* 世界が终わるまでは.wav in Resources */,
				C9A501FF2045028A005553F4 /* musickey.plist in Resources */,
				C9A501EF2044FB25005553F4 /* 挖掘机技术哪家强？.wav in Resources */,
				C9A501C92044FAD0005553F4 /* 君が好きだと叫びたい.wav in Resources */,
			);
			runOnlyForDeploymentPostprocessing = 0;
		};
		C9174030200DE85D00145E8D /* Resources */ = {
			isa = PBXResourcesBuildPhase;
			buildActionMask = 2147483647;
			files = (
			);
			runOnlyForDeploymentPostprocessing = 0;
		};
		C917403B200DE85D00145E8D /* Resources */ = {
			isa = PBXResourcesBuildPhase;
			buildActionMask = 2147483647;
			files = (
			);
			runOnlyForDeploymentPostprocessing = 0;
		};
/* End PBXResourcesBuildPhase section */

/* Begin PBXShellScriptBuildPhase section */
		742D7D11D223B71BFA698D2D /* [CP] Check Pods Manifest.lock */ = {
			isa = PBXShellScriptBuildPhase;
			buildActionMask = 2147483647;
			files = (
			);
			inputPaths = (
				"${PODS_PODFILE_DIR_PATH}/Podfile.lock",
				"${PODS_ROOT}/Manifest.lock",
			);
			name = "[CP] Check Pods Manifest.lock";
			outputPaths = (
				"$(DERIVED_FILE_DIR)/Pods-HeartAlarmClock-checkManifestLockResult.txt",
			);
			runOnlyForDeploymentPostprocessing = 0;
			shellPath = /bin/sh;
			shellScript = "diff \"${PODS_PODFILE_DIR_PATH}/Podfile.lock\" \"${PODS_ROOT}/Manifest.lock\" > /dev/null\nif [ $? != 0 ] ; then\n    # print error to STDERR\n    echo \"error: The sandbox is not in sync with the Podfile.lock. Run 'pod install' or update your CocoaPods installation.\" >&2\n    exit 1\nfi\n# This output is used by Xcode 'outputs' to avoid re-running this script phase.\necho \"SUCCESS\" > \"${SCRIPT_OUTPUT_FILE_0}\"\n";
			showEnvVarsInLog = 0;
		};
		B82F18A8DABDABB92A47F75B /* [CP] Copy Pods Resources */ = {
			isa = PBXShellScriptBuildPhase;
			buildActionMask = 2147483647;
			files = (
			);
			inputPaths = (
				"${SRCROOT}/Pods/Target Support Files/Pods-HeartAlarmClock/Pods-HeartAlarmClock-resources.sh",
				"${PODS_ROOT}/IQKeyboardManager/IQKeyboardManager/Resources/IQKeyboardManager.bundle",
				"${PODS_ROOT}/LJWKeyboardHandler/LJWKeyboardHandlerExample/LJWKeyboardHandler/Resources.bundle",
				"${PODS_ROOT}/MJRefresh/MJRefresh/MJRefresh.bundle",
				"${PODS_ROOT}/UMengUShare/UShareSDK/UMSocialSDK/UMSocialSDKPromptResources.bundle",
			);
			name = "[CP] Copy Pods Resources";
			outputPaths = (
				"${TARGET_BUILD_DIR}/${UNLOCALIZED_RESOURCES_FOLDER_PATH}",
			);
			runOnlyForDeploymentPostprocessing = 0;
			shellPath = /bin/sh;
			shellScript = "\"${SRCROOT}/Pods/Target Support Files/Pods-HeartAlarmClock/Pods-HeartAlarmClock-resources.sh\"\n";
			showEnvVarsInLog = 0;
		};
		CD134DCE8AFCA210663CA40E /* [CP] Embed Pods Frameworks */ = {
			isa = PBXShellScriptBuildPhase;
			buildActionMask = 2147483647;
			files = (
			);
			inputPaths = (
			);
			name = "[CP] Embed Pods Frameworks";
			outputPaths = (
			);
			runOnlyForDeploymentPostprocessing = 0;
			shellPath = /bin/sh;
			shellScript = "\"${SRCROOT}/Pods/Target Support Files/Pods-HeartAlarmClock/Pods-HeartAlarmClock-frameworks.sh\"\n";
			showEnvVarsInLog = 0;
		};
/* End PBXShellScriptBuildPhase section */

/* Begin PBXSourcesBuildPhase section */
		C9174016200DE85D00145E8D /* Sources */ = {
			isa = PBXSourcesBuildPhase;
			buildActionMask = 2147483647;
			files = (
				C9A5020420453B06005553F4 /* JCTimePickerView.m in Sources */,
				C91740A2200DFCE000145E8D /* NSDate+Extension.m in Sources */,
				C91740C4200DFD6E00145E8D /* OMGToast.mm in Sources */,
				C91740A6200DFCE000145E8D /* NSString+JCAttributedString.m in Sources */,
				C917E5042018647C0038F8A1 /* BellRecordingViewController.m in Sources */,
				C91740A7200DFCE000145E8D /* UIBezierPath+curved.m in Sources */,
				C9A5020D20453E3A005553F4 /* JCBellSelctView.m in Sources */,
				C917E4F5201863630038F8A1 /* ClockSettingViewController.m in Sources */,
				C91740AB200DFCE000145E8D /* UIFont+Extension.m in Sources */,
				C9174075200DFBFB00145E8D /* XLWebViewController.m in Sources */,
				C91740AD200DFCE000145E8D /* UIImage+Gif.m in Sources */,
				C91740C2200DFD6E00145E8D /* BarButtonItem.m in Sources */,
				C91740D9200E002C00145E8D /* AppTheme.m in Sources */,
				C917E50A20196EE10038F8A1 /* JCRemindTableViewCell.m in Sources */,
				C9174070200DFBFB00145E8D /* BaseNavigationController.m in Sources */,
				C91740A9200DFCE000145E8D /* UICollectionView+Extension.m in Sources */,
				C91740C3200DFD6E00145E8D /* NavigationBar.m in Sources */,
				C91740C8200DFDC100145E8D /* ToolsHelper.m in Sources */,
				C91740AF200DFCE000145E8D /* UITextField+HEFormatter.m in Sources */,
				C91740B1200DFCE000145E8D /* UIView+Extension.m in Sources */,
				C91740A8200DFCE000145E8D /* UIButton+Extension.m in Sources */,
				C9A5020A20453DAE005553F4 /* JCRepeatSelectView.m in Sources */,
				C91740AE200DFCE000145E8D /* UITableView+Extension.m in Sources */,
				C917E4F2201863320038F8A1 /* SettingViewController.m in Sources */,
				C91740A1200DFCE000145E8D /* NSBundle+Language.m in Sources */,
				C9174074200DFBFB00145E8D /* BaseViewController.m in Sources */,
				C91740D2200DFEBF00145E8D /* TKFooterView.m in Sources */,
				C917E507201899F10038F8A1 /* JCShareView.m in Sources */,
				C9A50216204644CB005553F4 /* JCBellHeaderView.m in Sources */,
				C91740A3200DFCE000145E8D /* NSDictionary+Extension.m in Sources */,
				C91740DC200E022A00145E8D /* HEBubbleView.m in Sources */,
				C92D956A20171F7B00F21721 /* EvaluateRemindModel.m in Sources */,
				C9A50213204547AB005553F4 /* JCBellTableViewCell.m in Sources */,
				C9174071200DFBFB00145E8D /* MainTabBarController.m in Sources */,
				C917405C200DF24800145E8D /* AppDelegate.m in Sources */,
				C91740A0200DFCE000145E8D /* MBProgressHUD+Extension.m in Sources */,
				C91740D3200DFEBF00145E8D /* TKHeaderView.m in Sources */,
				C91740D8200E002C00145E8D /* AppScene.m in Sources */,
				C9174076200DFBFB00145E8D /* XLJSHandler.m in Sources */,
				C917E4FB201863A30038F8A1 /* BellSettingViewController.m in Sources */,
				C91740AC200DFCE000145E8D /* UIImage+Extension.m in Sources */,
				C917409F200DFCE000145E8D /* BaseViewController+NavigationBar.m in Sources */,
				C91740AA200DFCE000145E8D /* UIColor+Extension.m in Sources */,
				C91740C5200DFD6E00145E8D /* OMGToastShow.m in Sources */,
				C917E4FE201863B90038F8A1 /* AboutusViewController.m in Sources */,
				C92D956D2018282B00F21721 /* EvaluateRemindManger.m in Sources */,
				C91740B0200DFCE000145E8D /* UIView+Creation.m in Sources */,
				C91740CD200DFE4700145E8D /* YPTransition.m in Sources */,
				C9174073200DFBFB00145E8D /* BaseTabbarController.m in Sources */,
				C9A5020720453CBA005553F4 /* JCTipSelectView.m in Sources */,
				C91740A5200DFCE000145E8D /* NSString+Extension.m in Sources */,
				C9A5021020453EA7005553F4 /* JCVibrationSelectView.m in Sources */,
				C917402D200DE85D00145E8D /* main.m in Sources */,
				C9174072200DFBFB00145E8D /* BaseWebViewController.m in Sources */,
				C917405F200DF26000145E8D /* HomeViewController.m in Sources */,
				C917E501201864380038F8A1 /* WallpaperViewController.m in Sources */,
				C91740A4200DFCE000145E8D /* NSObject+Extension.m in Sources */,
			);
			runOnlyForDeploymentPostprocessing = 0;
		};
		C917402E200DE85D00145E8D /* Sources */ = {
			isa = PBXSourcesBuildPhase;
			buildActionMask = 2147483647;
			files = (
				C9174037200DE85D00145E8D /* HeartAlarmClockTests.m in Sources */,
			);
			runOnlyForDeploymentPostprocessing = 0;
		};
		C9174039200DE85D00145E8D /* Sources */ = {
			isa = PBXSourcesBuildPhase;
			buildActionMask = 2147483647;
			files = (
				C9174042200DE85D00145E8D /* HeartAlarmClockUITests.m in Sources */,
			);
			runOnlyForDeploymentPostprocessing = 0;
		};
/* End PBXSourcesBuildPhase section */

/* Begin PBXTargetDependency section */
		C9174034200DE85D00145E8D /* PBXTargetDependency */ = {
			isa = PBXTargetDependency;
			target = C9174019200DE85D00145E8D /* HeartAlarmClock */;
			targetProxy = C9174033200DE85D00145E8D /* PBXContainerItemProxy */;
		};
		C917403F200DE85D00145E8D /* PBXTargetDependency */ = {
			isa = PBXTargetDependency;
			target = C9174019200DE85D00145E8D /* HeartAlarmClock */;
			targetProxy = C917403E200DE85D00145E8D /* PBXContainerItemProxy */;
		};
/* End PBXTargetDependency section */

/* Begin XCBuildConfiguration section */
		C9174044200DE85D00145E8D /* Debug */ = {
			isa = XCBuildConfiguration;
			buildSettings = {
				ALWAYS_SEARCH_USER_PATHS = NO;
				CLANG_ANALYZER_NONNULL = YES;
				CLANG_ANALYZER_NUMBER_OBJECT_CONVERSION = YES_AGGRESSIVE;
				CLANG_CXX_LANGUAGE_STANDARD = "gnu++14";
				CLANG_CXX_LIBRARY = "libc++";
				CLANG_ENABLE_MODULES = YES;
				CLANG_ENABLE_OBJC_ARC = YES;
				CLANG_WARN_BLOCK_CAPTURE_AUTORELEASING = YES;
				CLANG_WARN_BOOL_CONVERSION = YES;
				CLANG_WARN_COMMA = YES;
				CLANG_WARN_CONSTANT_CONVERSION = YES;
				CLANG_WARN_DIRECT_OBJC_ISA_USAGE = YES_ERROR;
				CLANG_WARN_DOCUMENTATION_COMMENTS = YES;
				CLANG_WARN_EMPTY_BODY = YES;
				CLANG_WARN_ENUM_CONVERSION = YES;
				CLANG_WARN_INFINITE_RECURSION = YES;
				CLANG_WARN_INT_CONVERSION = YES;
				CLANG_WARN_NON_LITERAL_NULL_CONVERSION = YES;
				CLANG_WARN_OBJC_LITERAL_CONVERSION = YES;
				CLANG_WARN_OBJC_ROOT_CLASS = YES_ERROR;
				CLANG_WARN_RANGE_LOOP_ANALYSIS = YES;
				CLANG_WARN_STRICT_PROTOTYPES = YES;
				CLANG_WARN_SUSPICIOUS_MOVE = YES;
				CLANG_WARN_UNGUARDED_AVAILABILITY = YES_AGGRESSIVE;
				CLANG_WARN_UNREACHABLE_CODE = YES;
				CLANG_WARN__DUPLICATE_METHOD_MATCH = YES;
				CODE_SIGN_IDENTITY = "iPhone Developer";
				COPY_PHASE_STRIP = NO;
				DEBUG_INFORMATION_FORMAT = dwarf;
				ENABLE_STRICT_OBJC_MSGSEND = YES;
				ENABLE_TESTABILITY = YES;
				GCC_C_LANGUAGE_STANDARD = gnu11;
				GCC_DYNAMIC_NO_PIC = NO;
				GCC_NO_COMMON_BLOCKS = YES;
				GCC_OPTIMIZATION_LEVEL = 0;
				GCC_PREPROCESSOR_DEFINITIONS = (
					"DEBUG=1",
					"$(inherited)",
				);
				GCC_WARN_64_TO_32_BIT_CONVERSION = YES;
				GCC_WARN_ABOUT_RETURN_TYPE = YES_ERROR;
				GCC_WARN_UNDECLARED_SELECTOR = YES;
				GCC_WARN_UNINITIALIZED_AUTOS = YES_AGGRESSIVE;
				GCC_WARN_UNUSED_FUNCTION = YES;
				GCC_WARN_UNUSED_VARIABLE = YES;
				IPHONEOS_DEPLOYMENT_TARGET = 11.2;
				MTL_ENABLE_DEBUG_INFO = YES;
				ONLY_ACTIVE_ARCH = YES;
				SDKROOT = iphoneos;
			};
			name = Debug;
		};
		C9174045200DE85D00145E8D /* Release */ = {
			isa = XCBuildConfiguration;
			buildSettings = {
				ALWAYS_SEARCH_USER_PATHS = NO;
				CLANG_ANALYZER_NONNULL = YES;
				CLANG_ANALYZER_NUMBER_OBJECT_CONVERSION = YES_AGGRESSIVE;
				CLANG_CXX_LANGUAGE_STANDARD = "gnu++14";
				CLANG_CXX_LIBRARY = "libc++";
				CLANG_ENABLE_MODULES = YES;
				CLANG_ENABLE_OBJC_ARC = YES;
				CLANG_WARN_BLOCK_CAPTURE_AUTORELEASING = YES;
				CLANG_WARN_BOOL_CONVERSION = YES;
				CLANG_WARN_COMMA = YES;
				CLANG_WARN_CONSTANT_CONVERSION = YES;
				CLANG_WARN_DIRECT_OBJC_ISA_USAGE = YES_ERROR;
				CLANG_WARN_DOCUMENTATION_COMMENTS = YES;
				CLANG_WARN_EMPTY_BODY = YES;
				CLANG_WARN_ENUM_CONVERSION = YES;
				CLANG_WARN_INFINITE_RECURSION = YES;
				CLANG_WARN_INT_CONVERSION = YES;
				CLANG_WARN_NON_LITERAL_NULL_CONVERSION = YES;
				CLANG_WARN_OBJC_LITERAL_CONVERSION = YES;
				CLANG_WARN_OBJC_ROOT_CLASS = YES_ERROR;
				CLANG_WARN_RANGE_LOOP_ANALYSIS = YES;
				CLANG_WARN_STRICT_PROTOTYPES = YES;
				CLANG_WARN_SUSPICIOUS_MOVE = YES;
				CLANG_WARN_UNGUARDED_AVAILABILITY = YES_AGGRESSIVE;
				CLANG_WARN_UNREACHABLE_CODE = YES;
				CLANG_WARN__DUPLICATE_METHOD_MATCH = YES;
				CODE_SIGN_IDENTITY = "iPhone Developer";
				COPY_PHASE_STRIP = NO;
				DEBUG_INFORMATION_FORMAT = "dwarf-with-dsym";
				ENABLE_NS_ASSERTIONS = NO;
				ENABLE_STRICT_OBJC_MSGSEND = YES;
				GCC_C_LANGUAGE_STANDARD = gnu11;
				GCC_NO_COMMON_BLOCKS = YES;
				GCC_WARN_64_TO_32_BIT_CONVERSION = YES;
				GCC_WARN_ABOUT_RETURN_TYPE = YES_ERROR;
				GCC_WARN_UNDECLARED_SELECTOR = YES;
				GCC_WARN_UNINITIALIZED_AUTOS = YES_AGGRESSIVE;
				GCC_WARN_UNUSED_FUNCTION = YES;
				GCC_WARN_UNUSED_VARIABLE = YES;
				IPHONEOS_DEPLOYMENT_TARGET = 11.2;
				MTL_ENABLE_DEBUG_INFO = NO;
				SDKROOT = iphoneos;
				VALIDATE_PRODUCT = YES;
			};
			name = Release;
		};
		C9174047200DE85D00145E8D /* Debug */ = {
			isa = XCBuildConfiguration;
			baseConfigurationReference = CCFB5FDBD27DC23105824682 /* Pods-HeartAlarmClock.debug.xcconfig */;
			buildSettings = {
				ASSETCATALOG_COMPILER_APPICON_NAME = AppIcon;
				ASSETCATALOG_COMPILER_LAUNCHIMAGE_NAME = LaunchImage;
				CODE_SIGN_STYLE = Automatic;
				DEVELOPMENT_TEAM = 6Q2YDFTL2W;
				GCC_PREFIX_HEADER = HeartAlarmClock/HeartAlarmClockPrefixHeader.pch;
				INFOPLIST_FILE = HeartAlarmClock/Info.plist;
				IPHONEOS_DEPLOYMENT_TARGET = 8.0;
				LD_RUNPATH_SEARCH_PATHS = "$(inherited) @executable_path/Frameworks";
				PRODUCT_BUNDLE_IDENTIFIER = com.jackclocka.HeartAlarmClock;
				PRODUCT_NAME = "$(TARGET_NAME)";
				TARGETED_DEVICE_FAMILY = 1;
			};
			name = Debug;
		};
		C9174048200DE85D00145E8D /* Release */ = {
			isa = XCBuildConfiguration;
			baseConfigurationReference = 01EBB5A7A1C146495AFDE50E /* Pods-HeartAlarmClock.release.xcconfig */;
			buildSettings = {
				ASSETCATALOG_COMPILER_APPICON_NAME = AppIcon;
				ASSETCATALOG_COMPILER_LAUNCHIMAGE_NAME = LaunchImage;
				CODE_SIGN_STYLE = Automatic;
				DEVELOPMENT_TEAM = 6Q2YDFTL2W;
				GCC_PREFIX_HEADER = HeartAlarmClock/HeartAlarmClockPrefixHeader.pch;
				INFOPLIST_FILE = HeartAlarmClock/Info.plist;
				IPHONEOS_DEPLOYMENT_TARGET = 8.0;
				LD_RUNPATH_SEARCH_PATHS = "$(inherited) @executable_path/Frameworks";
				PRODUCT_BUNDLE_IDENTIFIER = com.jackclocka.HeartAlarmClock;
				PRODUCT_NAME = "$(TARGET_NAME)";
				TARGETED_DEVICE_FAMILY = 1;
			};
			name = Release;
		};
		C917404A200DE85D00145E8D /* Debug */ = {
			isa = XCBuildConfiguration;
			buildSettings = {
				BUNDLE_LOADER = "$(TEST_HOST)";
				CODE_SIGN_STYLE = Automatic;
				DEVELOPMENT_TEAM = 6Q2YDFTL2W;
				INFOPLIST_FILE = HeartAlarmClockTests/Info.plist;
				LD_RUNPATH_SEARCH_PATHS = "$(inherited) @executable_path/Frameworks @loader_path/Frameworks";
				PRODUCT_BUNDLE_IDENTIFIER = com.xingjian.HeartAlarmClockTests;
				PRODUCT_NAME = "$(TARGET_NAME)";
				TARGETED_DEVICE_FAMILY = "1,2";
				TEST_HOST = "$(BUILT_PRODUCTS_DIR)/HeartAlarmClock.app/HeartAlarmClock";
			};
			name = Debug;
		};
		C917404B200DE85D00145E8D /* Release */ = {
			isa = XCBuildConfiguration;
			buildSettings = {
				BUNDLE_LOADER = "$(TEST_HOST)";
				CODE_SIGN_STYLE = Automatic;
				DEVELOPMENT_TEAM = 6Q2YDFTL2W;
				INFOPLIST_FILE = HeartAlarmClockTests/Info.plist;
				LD_RUNPATH_SEARCH_PATHS = "$(inherited) @executable_path/Frameworks @loader_path/Frameworks";
				PRODUCT_BUNDLE_IDENTIFIER = com.xingjian.HeartAlarmClockTests;
				PRODUCT_NAME = "$(TARGET_NAME)";
				TARGETED_DEVICE_FAMILY = "1,2";
				TEST_HOST = "$(BUILT_PRODUCTS_DIR)/HeartAlarmClock.app/HeartAlarmClock";
			};
			name = Release;
		};
		C917404D200DE85D00145E8D /* Debug */ = {
			isa = XCBuildConfiguration;
			buildSettings = {
				CODE_SIGN_STYLE = Automatic;
				DEVELOPMENT_TEAM = 6Q2YDFTL2W;
				INFOPLIST_FILE = HeartAlarmClockUITests/Info.plist;
				LD_RUNPATH_SEARCH_PATHS = "$(inherited) @executable_path/Frameworks @loader_path/Frameworks";
				PRODUCT_BUNDLE_IDENTIFIER = com.xingjian.HeartAlarmClockUITests;
				PRODUCT_NAME = "$(TARGET_NAME)";
				TARGETED_DEVICE_FAMILY = "1,2";
				TEST_TARGET_NAME = HeartAlarmClock;
			};
			name = Debug;
		};
		C917404E200DE85D00145E8D /* Release */ = {
			isa = XCBuildConfiguration;
			buildSettings = {
				CODE_SIGN_STYLE = Automatic;
				DEVELOPMENT_TEAM = 6Q2YDFTL2W;
				INFOPLIST_FILE = HeartAlarmClockUITests/Info.plist;
				LD_RUNPATH_SEARCH_PATHS = "$(inherited) @executable_path/Frameworks @loader_path/Frameworks";
				PRODUCT_BUNDLE_IDENTIFIER = com.xingjian.HeartAlarmClockUITests;
				PRODUCT_NAME = "$(TARGET_NAME)";
				TARGETED_DEVICE_FAMILY = "1,2";
				TEST_TARGET_NAME = HeartAlarmClock;
			};
			name = Release;
		};
/* End XCBuildConfiguration section */

/* Begin XCConfigurationList section */
		C9174015200DE85D00145E8D /* Build configuration list for PBXProject "HeartAlarmClock" */ = {
			isa = XCConfigurationList;
			buildConfigurations = (
				C9174044200DE85D00145E8D /* Debug */,
				C9174045200DE85D00145E8D /* Release */,
			);
			defaultConfigurationIsVisible = 0;
			defaultConfigurationName = Release;
		};
		C9174046200DE85D00145E8D /* Build configuration list for PBXNativeTarget "HeartAlarmClock" */ = {
			isa = XCConfigurationList;
			buildConfigurations = (
				C9174047200DE85D00145E8D /* Debug */,
				C9174048200DE85D00145E8D /* Release */,
			);
			defaultConfigurationIsVisible = 0;
			defaultConfigurationName = Release;
		};
		C9174049200DE85D00145E8D /* Build configuration list for PBXNativeTarget "HeartAlarmClockTests" */ = {
			isa = XCConfigurationList;
			buildConfigurations = (
				C917404A200DE85D00145E8D /* Debug */,
				C917404B200DE85D00145E8D /* Release */,
			);
			defaultConfigurationIsVisible = 0;
			defaultConfigurationName = Release;
		};
		C917404C200DE85D00145E8D /* Build configuration list for PBXNativeTarget "HeartAlarmClockUITests" */ = {
			isa = XCConfigurationList;
			buildConfigurations = (
				C917404D200DE85D00145E8D /* Debug */,
				C917404E200DE85D00145E8D /* Release */,
			);
			defaultConfigurationIsVisible = 0;
			defaultConfigurationName = Release;
		};
/* End XCConfigurationList section */
	};
	rootObject = C9174012200DE85D00145E8D /* Project object */;
}
